
Microsoft Visual Studio Solution File, Format Version 12.00
# Visual Studio 15
VisualStudioVersion = 15.0.27703.2035
MinimumVisualStudioVersion = 10.0.40219.1
Project("{FAE04EC0-301F-11D3-BF4B-00C04F79EFBC}") = "LoveCalculator.Android", "LoveCalculator\LoveCalculator.Android\LoveCalculator.Android.csproj", "{FB944FD8-0172-4387-BB81-3730454FC41E}"
EndProject
Project("{FAE04EC0-301F-11D3-BF4B-00C04F79EFBC}") = "LoveCalculator.iOS", "LoveCalculator\LoveCalculator.iOS\LoveCalculator.iOS.csproj", "{325DF7B3-DCD7-4876-8414-D5241D11972F}"
EndProject
Project("{FAE04EC0-301F-11D3-BF4B-00C04F79EFBC}") = "LoveCalculator.UWP", "LoveCalculator\LoveCalculator.UWP\LoveCalculator.UWP.csproj", "{7812DA78-7111-4E51-A14C-0993A4394A82}"
EndProject
Project("{FAE04EC0-301F-11D3-BF4B-00C04F79EFBC}") = "LoveCalculator", "LoveCalculator\LoveCalculator\LoveCalculator.csproj", "{41C5D9ED-188B-4203-9D73-D03D3216C607}"
EndProject
Global
	GlobalSection(SolutionConfigurationPlatforms) = preSolution
		Ad-Hoc|Any CPU = Ad-Hoc|Any CPU
		Ad-Hoc|ARM = Ad-Hoc|ARM
		Ad-Hoc|iPhone = Ad-Hoc|iPhone
		Ad-Hoc|iPhoneSimulator = Ad-Hoc|iPhoneSimulator
		Ad-Hoc|x64 = Ad-Hoc|x64
		Ad-Hoc|x86 = Ad-Hoc|x86
		AppStore|Any CPU = AppStore|Any CPU
		AppStore|ARM = AppStore|ARM
		AppStore|iPhone = AppStore|iPhone
		AppStore|iPhoneSimulator = AppStore|iPhoneSimulator
		AppStore|x64 = AppStore|x64
		AppStore|x86 = AppStore|x86
		Debug|Any CPU = Debug|Any CPU
		Debug|ARM = Debug|ARM
		Debug|iPhone = Debug|iPhone
		Debug|iPhoneSimulator = Debug|iPhoneSimulator
		Debug|x64 = Debug|x64
		Debug|x86 = Debug|x86
		Release|Any CPU = Release|Any CPU
		Release|ARM = Release|ARM
		Release|iPhone = Release|iPhone
		Release|iPhoneSimulator = Release|iPhoneSimulator
		Release|x64 = Release|x64
		Release|x86 = Release|x86
	EndGlobalSection
	GlobalSection(ProjectConfigurationPlatforms) = postSolution
		{FB944FD8-0172-4387-BB81-3730454FC41E}.Ad-Hoc|Any CPU.ActiveCfg = Release|Any CPU
		{FB944FD8-0172-4387-BB81-3730454FC41E}.Ad-Hoc|Any CPU.Build.0 = Release|Any CPU
		{FB944FD8-0172-4387-BB81-3730454FC41E}.Ad-Hoc|Any CPU.Deploy.0 = Release|Any CPU
		{FB944FD8-0172-4387-BB81-3730454FC41E}.Ad-Hoc|ARM.ActiveCfg = Release|Any CPU
		{FB944FD8-0172-4387-BB81-3730454FC41E}.Ad-Hoc|ARM.Build.0 = Release|Any CPU
		{FB944FD8-0172-4387-BB81-3730454FC41E}.Ad-Hoc|ARM.Deploy.0 = Release|Any CPU
		{FB944FD8-0172-4387-BB81-3730454FC41E}.Ad-Hoc|iPhone.ActiveCfg = Release|Any CPU
		{FB944FD8-0172-4387-BB81-3730454FC41E}.Ad-Hoc|iPhone.Build.0 = Release|Any CPU
		{FB944FD8-0172-4387-BB81-3730454FC41E}.Ad-Hoc|iPhone.Deploy.0 = Release|Any CPU
		{FB944FD8-0172-4387-BB81-3730454FC41E}.Ad-Hoc|iPhoneSimulator.ActiveCfg = Release|Any CPU
		{FB944FD8-0172-4387-BB81-3730454FC41E}.Ad-Hoc|iPhoneSimulator.Build.0 = Release|Any CPU
		{FB944FD8-0172-4387-BB81-3730454FC41E}.Ad-Hoc|iPhoneSimulator.Deploy.0 = Release|Any CPU
		{FB944FD8-0172-4387-BB81-3730454FC41E}.Ad-Hoc|x64.ActiveCfg = Release|Any CPU
		{FB944FD8-0172-4387-BB81-3730454FC41E}.Ad-Hoc|x64.Build.0 = Release|Any CPU
		{FB944FD8-0172-4387-BB81-3730454FC41E}.Ad-Hoc|x64.Deploy.0 = Release|Any CPU
		{FB944FD8-0172-4387-BB81-3730454FC41E}.Ad-Hoc|x86.ActiveCfg = Release|Any CPU
		{FB944FD8-0172-4387-BB81-3730454FC41E}.Ad-Hoc|x86.Build.0 = Release|Any CPU
		{FB944FD8-0172-4387-BB81-3730454FC41E}.Ad-Hoc|x86.Deploy.0 = Release|Any CPU
		{FB944FD8-0172-4387-BB81-3730454FC41E}.AppStore|Any CPU.ActiveCfg = Release|Any CPU
		{FB944FD8-0172-4387-BB81-3730454FC41E}.AppStore|Any CPU.Build.0 = Release|Any CPU
		{FB944FD8-0172-4387-BB81-3730454FC41E}.AppStore|Any CPU.Deploy.0 = Release|Any CPU
		{FB944FD8-0172-4387-BB81-3730454FC41E}.AppStore|ARM.ActiveCfg = Release|Any CPU
		{FB944FD8-0172-4387-BB81-3730454FC41E}.AppStore|ARM.Build.0 = Release|Any CPU
		{FB944FD8-0172-4387-BB81-3730454FC41E}.AppStore|ARM.Deploy.0 = Release|Any CPU
		{FB944FD8-0172-4387-BB81-3730454FC41E}.AppStore|iPhone.ActiveCfg = Release|Any CPU
		{FB944FD8-0172-4387-BB81-3730454FC41E}.AppStore|iPhone.Build.0 = Release|Any CPU
		{FB944FD8-0172-4387-BB81-3730454FC41E}.AppStore|iPhone.Deploy.0 = Release|Any CPU
		{FB944FD8-0172-4387-BB81-3730454FC41E}.AppStore|iPhoneSimulator.ActiveCfg = Release|Any CPU
		{FB944FD8-0172-4387-BB81-3730454FC41E}.AppStore|iPhoneSimulator.Build.0 = Release|Any CPU
		{FB944FD8-0172-4387-BB81-3730454FC41E}.AppStore|iPhoneSimulator.Deploy.0 = Release|Any CPU
		{FB944FD8-0172-4387-BB81-3730454FC41E}.AppStore|x64.ActiveCfg = Release|Any CPU
		{FB944FD8-0172-4387-BB81-3730454FC41E}.AppStore|x64.Build.0 = Release|Any CPU
		{FB944FD8-0172-4387-BB81-3730454FC41E}.AppStore|x64.Deploy.0 = Release|Any CPU
		{FB944FD8-0172-4387-BB81-3730454FC41E}.AppStore|x86.ActiveCfg = Release|Any CPU
		{FB944FD8-0172-4387-BB81-3730454FC41E}.AppStore|x86.Build.0 = Release|Any CPU
		{FB944FD8-0172-4387-BB81-3730454FC41E}.AppStore|x86.Deploy.0 = Release|Any CPU
		{FB944FD8-0172-4387-BB81-3730454FC41E}.Debug|Any CPU.ActiveCfg = Debug|Any CPU
		{FB944FD8-0172-4387-BB81-3730454FC41E}.Debug|Any CPU.Build.0 = Debug|Any CPU
		{FB944FD8-0172-4387-BB81-3730454FC41E}.Debug|Any CPU.Deploy.0 = Debug|Any CPU
		{FB944FD8-0172-4387-BB81-3730454FC41E}.Debug|ARM.ActiveCfg = Debug|Any CPU
		{FB944FD8-0172-4387-BB81-3730454FC41E}.Debug|ARM.Build.0 = Debug|Any CPU
		{FB944FD8-0172-4387-BB81-3730454FC41E}.Debug|ARM.Deploy.0 = Debug|Any CPU
		{FB944FD8-0172-4387-BB81-3730454FC41E}.Debug|iPhone.ActiveCfg = Debug|Any CPU
		{FB944FD8-0172-4387-BB81-3730454FC41E}.Debug|iPhone.Build.0 = Debug|Any CPU
		{FB944FD8-0172-4387-BB81-3730454FC41E}.Debug|iPhone.Deploy.0 = Debug|Any CPU
		{FB944FD8-0172-4387-BB81-3730454FC41E}.Debug|iPhoneSimulator.ActiveCfg = Debug|Any CPU
		{FB944FD8-0172-4387-BB81-3730454FC41E}.Debug|iPhoneSimulator.Build.0 = Debug|Any CPU
		{FB944FD8-0172-4387-BB81-3730454FC41E}.Debug|iPhoneSimulator.Deploy.0 = Debug|Any CPU
		{FB944FD8-0172-4387-BB81-3730454FC41E}.Debug|x64.ActiveCfg = Debug|Any CPU
		{FB944FD8-0172-4387-BB81-3730454FC41E}.Debug|x64.Build.0 = Debug|Any CPU
		{FB944FD8-0172-4387-BB81-3730454FC41E}.Debug|x64.Deploy.0 = Debug|Any CPU
		{FB944FD8-0172-4387-BB81-3730454FC41E}.Debug|x86.ActiveCfg = Debug|Any CPU
		{FB944FD8-0172-4387-BB81-3730454FC41E}.Debug|x86.Build.0 = Debug|Any CPU
		{FB944FD8-0172-4387-BB81-3730454FC41E}.Debug|x86.Deploy.0 = Debug|Any CPU
		{FB944FD8-0172-4387-BB81-3730454FC41E}.Release|Any CPU.ActiveCfg = Release|Any CPU
		{FB944FD8-0172-4387-BB81-3730454FC41E}.Release|Any CPU.Build.0 = Release|Any CPU
		{FB944FD8-0172-4387-BB81-3730454FC41E}.Release|Any CPU.Deploy.0 = Release|Any CPU
		{FB944FD8-0172-4387-BB81-3730454FC41E}.Release|ARM.ActiveCfg = Release|Any CPU
		{FB944FD8-0172-4387-BB81-3730454FC41E}.Release|ARM.Build.0 = Release|Any CPU
		{FB944FD8-0172-4387-BB81-3730454FC41E}.Release|ARM.Deploy.0 = Release|Any CPU
		{FB944FD8-0172-4387-BB81-3730454FC41E}.Release|iPhone.ActiveCfg = Release|Any CPU
		{FB944FD8-0172-4387-BB81-3730454FC41E}.Release|iPhone.Build.0 = Release|Any CPU
		{FB944FD8-0172-4387-BB81-3730454FC41E}.Release|iPhone.Deploy.0 = Release|Any CPU
		{FB944FD8-0172-4387-BB81-3730454FC41E}.Release|iPhoneSimulator.ActiveCfg = Release|Any CPU
		{FB944FD8-0172-4387-BB81-3730454FC41E}.Release|iPhoneSimulator.Build.0 = Release|Any CPU
		{FB944FD8-0172-4387-BB81-3730454FC41E}.Release|iPhoneSimulator.Deploy.0 = Release|Any CPU
		{FB944FD8-0172-4387-BB81-3730454FC41E}.Release|x64.ActiveCfg = Release|Any CPU
		{FB944FD8-0172-4387-BB81-3730454FC41E}.Release|x64.Build.0 = Release|Any CPU
		{FB944FD8-0172-4387-BB81-3730454FC41E}.Release|x64.Deploy.0 = Release|Any CPU
		{FB944FD8-0172-4387-BB81-3730454FC41E}.Release|x86.ActiveCfg = Release|Any CPU
		{FB944FD8-0172-4387-BB81-3730454FC41E}.Release|x86.Build.0 = Release|Any CPU
		{FB944FD8-0172-4387-BB81-3730454FC41E}.Release|x86.Deploy.0 = Release|Any CPU
		{325DF7B3-DCD7-4876-8414-D5241D11972F}.Ad-Hoc|Any CPU.ActiveCfg = Ad-Hoc|iPhone
		{325DF7B3-DCD7-4876-8414-D5241D11972F}.Ad-Hoc|Any CPU.Build.0 = Ad-Hoc|iPhone
		{325DF7B3-DCD7-4876-8414-D5241D11972F}.Ad-Hoc|Any CPU.Deploy.0 = Ad-Hoc|iPhone
		{325DF7B3-DCD7-4876-8414-D5241D11972F}.Ad-Hoc|ARM.ActiveCfg = Ad-Hoc|iPhone
		{325DF7B3-DCD7-4876-8414-D5241D11972F}.Ad-Hoc|ARM.Build.0 = Ad-Hoc|iPhone
		{325DF7B3-DCD7-4876-8414-D5241D11972F}.Ad-Hoc|ARM.Deploy.0 = Ad-Hoc|iPhone
		{325DF7B3-DCD7-4876-8414-D5241D11972F}.Ad-Hoc|iPhone.ActiveCfg = Ad-Hoc|iPhone
		{325DF7B3-DCD7-4876-8414-D5241D11972F}.Ad-Hoc|iPhone.Build.0 = Ad-Hoc|iPhone
		{325DF7B3-DCD7-4876-8414-D5241D11972F}.Ad-Hoc|iPhone.Deploy.0 = Ad-Hoc|iPhone
		{325DF7B3-DCD7-4876-8414-D5241D11972F}.Ad-Hoc|iPhoneSimulator.ActiveCfg = Ad-Hoc|iPhoneSimulator
		{325DF7B3-DCD7-4876-8414-D5241D11972F}.Ad-Hoc|iPhoneSimulator.Build.0 = Ad-Hoc|iPhoneSimulator
		{325DF7B3-DCD7-4876-8414-D5241D11972F}.Ad-Hoc|iPhoneSimulator.Deploy.0 = Ad-Hoc|iPhoneSimulator
		{325DF7B3-DCD7-4876-8414-D5241D11972F}.Ad-Hoc|x64.ActiveCfg = Ad-Hoc|iPhone
		{325DF7B3-DCD7-4876-8414-D5241D11972F}.Ad-Hoc|x64.Build.0 = Ad-Hoc|iPhone
		{325DF7B3-DCD7-4876-8414-D5241D11972F}.Ad-Hoc|x64.Deploy.0 = Ad-Hoc|iPhone
		{325DF7B3-DCD7-4876-8414-D5241D11972F}.Ad-Hoc|x86.ActiveCfg = Ad-Hoc|iPhone
		{325DF7B3-DCD7-4876-8414-D5241D11972F}.Ad-Hoc|x86.Build.0 = Ad-Hoc|iPhone
		{325DF7B3-DCD7-4876-8414-D5241D11972F}.Ad-Hoc|x86.Deploy.0 = Ad-Hoc|iPhone
		{325DF7B3-DCD7-4876-8414-D5241D11972F}.AppStore|Any CPU.ActiveCfg = AppStore|iPhone
		{325DF7B3-DCD7-4876-8414-D5241D11972F}.AppStore|Any CPU.Build.0 = AppStore|iPhone
		{325DF7B3-DCD7-4876-8414-D5241D11972F}.AppStore|Any CPU.Deploy.0 = AppStore|iPhone
		{325DF7B3-DCD7-4876-8414-D5241D11972F}.AppStore|ARM.ActiveCfg = AppStore|iPhone
		{325DF7B3-DCD7-4876-8414-D5241D11972F}.AppStore|ARM.Build.0 = AppStore|iPhone
		{325DF7B3-DCD7-4876-8414-D5241D11972F}.AppStore|ARM.Deploy.0 = AppStore|iPhone
		{325DF7B3-DCD7-4876-8414-D5241D11972F}.AppStore|iPhone.ActiveCfg = AppStore|iPhone
		{325DF7B3-DCD7-4876-8414-D5241D11972F}.AppStore|iPhone.Build.0 = AppStore|iPhone
		{325DF7B3-DCD7-4876-8414-D5241D11972F}.AppStore|iPhone.Deploy.0 = AppStore|iPhone
		{325DF7B3-DCD7-4876-8414-D5241D11972F}.AppStore|iPhoneSimulator.ActiveCfg = AppStore|iPhoneSimulator
		{325DF7B3-DCD7-4876-8414-D5241D11972F}.AppStore|iPhoneSimulator.Build.0 = AppStore|iPhoneSimulator
		{325DF7B3-DCD7-4876-8414-D5241D11972F}.AppStore|iPhoneSimulator.Deploy.0 = AppStore|iPhoneSimulator
		{325DF7B3-DCD7-4876-8414-D5241D11972F}.AppStore|x64.ActiveCfg = AppStore|iPhone
		{325DF7B3-DCD7-4876-8414-D5241D11972F}.AppStore|x64.Build.0 = AppStore|iPhone
		{325DF7B3-DCD7-4876-8414-D5241D11972F}.AppStore|x64.Deploy.0 = AppStore|iPhone
		{325DF7B3-DCD7-4876-8414-D5241D11972F}.AppStore|x86.ActiveCfg = AppStore|iPhone
		{325DF7B3-DCD7-4876-8414-D5241D11972F}.AppStore|x86.Build.0 = AppStore|iPhone
		{325DF7B3-DCD7-4876-8414-D5241D11972F}.AppStore|x86.Deploy.0 = AppStore|iPhone
		{325DF7B3-DCD7-4876-8414-D5241D11972F}.Debug|Any CPU.ActiveCfg = Debug|iPhoneSimulator
		{325DF7B3-DCD7-4876-8414-D5241D11972F}.Debug|Any CPU.Build.0 = Debug|iPhoneSimulator
		{325DF7B3-DCD7-4876-8414-D5241D11972F}.Debug|Any CPU.Deploy.0 = Debug|iPhoneSimulator
		{325DF7B3-DCD7-4876-8414-D5241D11972F}.Debug|ARM.ActiveCfg = Debug|iPhone
		{325DF7B3-DCD7-4876-8414-D5241D11972F}.Debug|ARM.Build.0 = Debug|iPhone
		{325DF7B3-DCD7-4876-8414-D5241D11972F}.Debug|ARM.Deploy.0 = Debug|iPhone
		{325DF7B3-DCD7-4876-8414-D5241D11972F}.Debug|iPhone.ActiveCfg = Debug|iPhone
		{325DF7B3-DCD7-4876-8414-D5241D11972F}.Debug|iPhone.Build.0 = Debug|iPhone
		{325DF7B3-DCD7-4876-8414-D5241D11972F}.Debug|iPhone.Deploy.0 = Debug|iPhone
		{325DF7B3-DCD7-4876-8414-D5241D11972F}.Debug|iPhoneSimulator.ActiveCfg = Debug|iPhoneSimulator
		{325DF7B3-DCD7-4876-8414-D5241D11972F}.Debug|iPhoneSimulator.Build.0 = Debug|iPhoneSimulator
		{325DF7B3-DCD7-4876-8414-D5241D11972F}.Debug|iPhoneSimulator.Deploy.0 = Debug|iPhoneSimulator
		{325DF7B3-DCD7-4876-8414-D5241D11972F}.Debug|x64.ActiveCfg = Debug|iPhone
		{325DF7B3-DCD7-4876-8414-D5241D11972F}.Debug|x64.Build.0 = Debug|iPhone
		{325DF7B3-DCD7-4876-8414-D5241D11972F}.Debug|x64.Deploy.0 = Debug|iPhone
		{325DF7B3-DCD7-4876-8414-D5241D11972F}.Debug|x86.ActiveCfg = Debug|iPhone
		{325DF7B3-DCD7-4876-8414-D5241D11972F}.Debug|x86.Build.0 = Debug|iPhone
		{325DF7B3-DCD7-4876-8414-D5241D11972F}.Debug|x86.Deploy.0 = Debug|iPhone
		{325DF7B3-DCD7-4876-8414-D5241D11972F}.Release|Any CPU.ActiveCfg = Release|iPhone
		{325DF7B3-DCD7-4876-8414-D5241D11972F}.Release|Any CPU.Build.0 = Release|iPhone
		{325DF7B3-DCD7-4876-8414-D5241D11972F}.Release|Any CPU.Deploy.0 = Release|iPhone
		{325DF7B3-DCD7-4876-8414-D5241D11972F}.Release|ARM.ActiveCfg = Release|iPhone
		{325DF7B3-DCD7-4876-8414-D5241D11972F}.Release|ARM.Build.0 = Release|iPhone
		{325DF7B3-DCD7-4876-8414-D5241D11972F}.Release|ARM.Deploy.0 = Release|iPhone
		{325DF7B3-DCD7-4876-8414-D5241D11972F}.Release|iPhone.ActiveCfg = Release|iPhone
		{325DF7B3-DCD7-4876-8414-D5241D11972F}.Release|iPhone.Build.0 = Release|iPhone
		{325DF7B3-DCD7-4876-8414-D5241D11972F}.Release|iPhone.Deploy.0 = Release|iPhone
		{325DF7B3-DCD7-4876-8414-D5241D11972F}.Release|iPhoneSimulator.ActiveCfg = Release|iPhoneSimulator
		{325DF7B3-DCD7-4876-8414-D5241D11972F}.Release|iPhoneSimulator.Build.0 = Release|iPhoneSimulator
		{325DF7B3-DCD7-4876-8414-D5241D11972F}.Release|iPhoneSimulator.Deploy.0 = Release|iPhoneSimulator
		{325DF7B3-DCD7-4876-8414-D5241D11972F}.Release|x64.ActiveCfg = Release|iPhone
		{325DF7B3-DCD7-4876-8414-D5241D11972F}.Release|x64.Build.0 = Release|iPhone
		{325DF7B3-DCD7-4876-8414-D5241D11972F}.Release|x64.Deploy.0 = Release|iPhone
		{325DF7B3-DCD7-4876-8414-D5241D11972F}.Release|x86.ActiveCfg = Release|iPhone
		{325DF7B3-DCD7-4876-8414-D5241D11972F}.Release|x86.Build.0 = Release|iPhone
		{325DF7B3-DCD7-4876-8414-D5241D11972F}.Release|x86.Deploy.0 = Release|iPhone
		{7812DA78-7111-4E51-A14C-0993A4394A82}.Ad-Hoc|Any CPU.ActiveCfg = Release|x86
		{7812DA78-7111-4E51-A14C-0993A4394A82}.Ad-Hoc|Any CPU.Build.0 = Release|x86
		{7812DA78-7111-4E51-A14C-0993A4394A82}.Ad-Hoc|Any CPU.Deploy.0 = Release|x86
		{7812DA78-7111-4E51-A14C-0993A4394A82}.Ad-Hoc|ARM.ActiveCfg = Release|ARM
		{7812DA78-7111-4E51-A14C-0993A4394A82}.Ad-Hoc|ARM.Build.0 = Release|ARM
		{7812DA78-7111-4E51-A14C-0993A4394A82}.Ad-Hoc|ARM.Deploy.0 = Release|ARM
		{7812DA78-7111-4E51-A14C-0993A4394A82}.Ad-Hoc|iPhone.ActiveCfg = Release|x86
		{7812DA78-7111-4E51-A14C-0993A4394A82}.Ad-Hoc|iPhone.Build.0 = Release|x86
		{7812DA78-7111-4E51-A14C-0993A4394A82}.Ad-Hoc|iPhone.Deploy.0 = Release|x86
		{7812DA78-7111-4E51-A14C-0993A4394A82}.Ad-Hoc|iPhoneSimulator.ActiveCfg = Release|x86
		{7812DA78-7111-4E51-A14C-0993A4394A82}.Ad-Hoc|iPhoneSimulator.Build.0 = Release|x86
		{7812DA78-7111-4E51-A14C-0993A4394A82}.Ad-Hoc|iPhoneSimulator.Deploy.0 = Release|x86
		{7812DA78-7111-4E51-A14C-0993A4394A82}.Ad-Hoc|x64.ActiveCfg = Release|x64
		{7812DA78-7111-4E51-A14C-0993A4394A82}.Ad-Hoc|x64.Build.0 = Release|x64
		{7812DA78-7111-4E51-A14C-0993A4394A82}.Ad-Hoc|x64.Deploy.0 = Release|x64
		{7812DA78-7111-4E51-A14C-0993A4394A82}.Ad-Hoc|x86.ActiveCfg = Release|x86
		{7812DA78-7111-4E51-A14C-0993A4394A82}.Ad-Hoc|x86.Build.0 = Release|x86
		{7812DA78-7111-4E51-A14C-0993A4394A82}.Ad-Hoc|x86.Deploy.0 = Release|x86
		{7812DA78-7111-4E51-A14C-0993A4394A82}.AppStore|Any CPU.ActiveCfg = Release|x86
		{7812DA78-7111-4E51-A14C-0993A4394A82}.AppStore|Any CPU.Build.0 = Release|x86
		{7812DA78-7111-4E51-A14C-0993A4394A82}.AppStore|Any CPU.Deploy.0 = Release|x86
		{7812DA78-7111-4E51-A14C-0993A4394A82}.AppStore|ARM.ActiveCfg = Release|ARM
		{7812DA78-7111-4E51-A14C-0993A4394A82}.AppStore|ARM.Build.0 = Release|ARM
		{7812DA78-7111-4E51-A14C-0993A4394A82}.AppStore|ARM.Deploy.0 = Release|ARM
		{7812DA78-7111-4E51-A14C-0993A4394A82}.AppStore|iPhone.ActiveCfg = Release|x86
		{7812DA78-7111-4E51-A14C-0993A4394A82}.AppStore|iPhone.Build.0 = Release|x86
		{7812DA78-7111-4E51-A14C-0993A4394A82}.AppStore|iPhone.Deploy.0 = Release|x86
		{7812DA78-7111-4E51-A14C-0993A4394A82}.AppStore|iPhoneSimulator.ActiveCfg = Release|x86
		{7812DA78-7111-4E51-A14C-0993A4394A82}.AppStore|iPhoneSimulator.Build.0 = Release|x86
		{7812DA78-7111-4E51-A14C-0993A4394A82}.AppStore|iPhoneSimulator.Deploy.0 = Release|x86
		{7812DA78-7111-4E51-A14C-0993A4394A82}.AppStore|x64.ActiveCfg = Release|x64
		{7812DA78-7111-4E51-A14C-0993A4394A82}.AppStore|x64.Build.0 = Release|x64
		{7812DA78-7111-4E51-A14C-0993A4394A82}.AppStore|x64.Deploy.0 = Release|x64
		{7812DA78-7111-4E51-A14C-0993A4394A82}.AppStore|x86.ActiveCfg = Release|x86
		{7812DA78-7111-4E51-A14C-0993A4394A82}.AppStore|x86.Build.0 = Release|x86
		{7812DA78-7111-4E51-A14C-0993A4394A82}.AppStore|x86.Deploy.0 = Release|x86
		{7812DA78-7111-4E51-A14C-0993A4394A82}.Debug|Any CPU.ActiveCfg = Debug|x86
		{7812DA78-7111-4E51-A14C-0993A4394A82}.Debug|Any CPU.Build.0 = Debug|x86
		{7812DA78-7111-4E51-A14C-0993A4394A82}.Debug|Any CPU.Deploy.0 = Debug|x86
		{7812DA78-7111-4E51-A14C-0993A4394A82}.Debug|ARM.ActiveCfg = Debug|ARM
		{7812DA78-7111-4E51-A14C-0993A4394A82}.Debug|ARM.Build.0 = Debug|ARM
		{7812DA78-7111-4E51-A14C-0993A4394A82}.Debug|ARM.Deploy.0 = Debug|ARM
		{7812DA78-7111-4E51-A14C-0993A4394A82}.Debug|iPhone.ActiveCfg = Debug|x86
		{7812DA78-7111-4E51-A14C-0993A4394A82}.Debug|iPhone.Build.0 = Debug|x86
		{7812DA78-7111-4E51-A14C-0993A4394A82}.Debug|iPhone.Deploy.0 = Debug|x86
		{7812DA78-7111-4E51-A14C-0993A4394A82}.Debug|iPhoneSimulator.ActiveCfg = Debug|x86
		{7812DA78-7111-4E51-A14C-0993A4394A82}.Debug|iPhoneSimulator.Build.0 = Debug|x86
		{7812DA78-7111-4E51-A14C-0993A4394A82}.Debug|iPhoneSimulator.Deploy.0 = Debug|x86
		{7812DA78-7111-4E51-A14C-0993A4394A82}.Debug|x64.ActiveCfg = Debug|x64
		{7812DA78-7111-4E51-A14C-0993A4394A82}.Debug|x64.Build.0 = Debug|x64
		{7812DA78-7111-4E51-A14C-0993A4394A82}.Debug|x64.Deploy.0 = Debug|x64
		{7812DA78-7111-4E51-A14C-0993A4394A82}.Debug|x86.ActiveCfg = Debug|x86
		{7812DA78-7111-4E51-A14C-0993A4394A82}.Debug|x86.Build.0 = Debug|x86
		{7812DA78-7111-4E51-A14C-0993A4394A82}.Debug|x86.Deploy.0 = Debug|x86
		{7812DA78-7111-4E51-A14C-0993A4394A82}.Release|Any CPU.ActiveCfg = Release|x86
		{7812DA78-7111-4E51-A14C-0993A4394A82}.Release|Any CPU.Build.0 = Release|x86
		{7812DA78-7111-4E51-A14C-0993A4394A82}.Release|Any CPU.Deploy.0 = Release|x86
		{7812DA78-7111-4E51-A14C-0993A4394A82}.Release|ARM.ActiveCfg = Release|ARM
		{7812DA78-7111-4E51-A14C-0993A4394A82}.Release|ARM.Build.0 = Release|ARM
		{7812DA78-7111-4E51-A14C-0993A4394A82}.Release|ARM.Deploy.0 = Release|ARM
		{7812DA78-7111-4E51-A14C-0993A4394A82}.Release|iPhone.ActiveCfg = Release|x86
		{7812DA78-7111-4E51-A14C-0993A4394A82}.Release|iPhone.Build.0 = Release|x86
		{7812DA78-7111-4E51-A14C-0993A4394A82}.Release|iPhone.Deploy.0 = Release|x86
		{7812DA78-7111-4E51-A14C-0993A4394A82}.Release|iPhoneSimulator.ActiveCfg = Release|x86
		{7812DA78-7111-4E51-A14C-0993A4394A82}.Release|iPhoneSimulator.Build.0 = Release|x86
		{7812DA78-7111-4E51-A14C-0993A4394A82}.Release|iPhoneSimulator.Deploy.0 = Release|x86
		{7812DA78-7111-4E51-A14C-0993A4394A82}.Release|x64.ActiveCfg = Release|x64
		{7812DA78-7111-4E51-A14C-0993A4394A82}.Release|x64.Build.0 = Release|x64
		{7812DA78-7111-4E51-A14C-0993A4394A82}.Release|x64.Deploy.0 = Release|x64
		{7812DA78-7111-4E51-A14C-0993A4394A82}.Release|x86.ActiveCfg = Release|x86
		{7812DA78-7111-4E51-A14C-0993A4394A82}.Release|x86.Build.0 = Release|x86
		{7812DA78-7111-4E51-A14C-0993A4394A82}.Release|x86.Deploy.0 = Release|x86
		{41C5D9ED-188B-4203-9D73-D03D3216C607}.Ad-Hoc|Any CPU.ActiveCfg = Debug|Any CPU
		{41C5D9ED-188B-4203-9D73-D03D3216C607}.Ad-Hoc|Any CPU.Build.0 = Debug|Any CPU
		{41C5D9ED-188B-4203-9D73-D03D3216C607}.Ad-Hoc|Any CPU.Deploy.0 = Debug|Any CPU
		{41C5D9ED-188B-4203-9D73-D03D3216C607}.Ad-Hoc|ARM.ActiveCfg = Debug|Any CPU
		{41C5D9ED-188B-4203-9D73-D03D3216C607}.Ad-Hoc|ARM.Build.0 = Debug|Any CPU
		{41C5D9ED-188B-4203-9D73-D03D3216C607}.Ad-Hoc|ARM.Deploy.0 = Debug|Any CPU
		{41C5D9ED-188B-4203-9D73-D03D3216C607}.Ad-Hoc|iPhone.ActiveCfg = Debug|Any CPU
		{41C5D9ED-188B-4203-9D73-D03D3216C607}.Ad-Hoc|iPhone.Build.0 = Debug|Any CPU
		{41C5D9ED-188B-4203-9D73-D03D3216C607}.Ad-Hoc|iPhone.Deploy.0 = Debug|Any CPU
		{41C5D9ED-188B-4203-9D73-D03D3216C607}.Ad-Hoc|iPhoneSimulator.ActiveCfg = Debug|Any CPU
		{41C5D9ED-188B-4203-9D73-D03D3216C607}.Ad-Hoc|iPhoneSimulator.Build.0 = Debug|Any CPU
		{41C5D9ED-188B-4203-9D73-D03D3216C607}.Ad-Hoc|iPhoneSimulator.Deploy.0 = Debug|Any CPU
		{41C5D9ED-188B-4203-9D73-D03D3216C607}.Ad-Hoc|x64.ActiveCfg = Debug|Any CPU
		{41C5D9ED-188B-4203-9D73-D03D3216C607}.Ad-Hoc|x64.Build.0 = Debug|Any CPU
		{41C5D9ED-188B-4203-9D73-D03D3216C607}.Ad-Hoc|x64.Deploy.0 = Debug|Any CPU
		{41C5D9ED-188B-4203-9D73-D03D3216C607}.Ad-Hoc|x86.ActiveCfg = Debug|Any CPU
		{41C5D9ED-188B-4203-9D73-D03D3216C607}.Ad-Hoc|x86.Build.0 = Debug|Any CPU
		{41C5D9ED-188B-4203-9D73-D03D3216C607}.Ad-Hoc|x86.Deploy.0 = Debug|Any CPU
		{41C5D9ED-188B-4203-9D73-D03D3216C607}.AppStore|Any CPU.ActiveCfg = Debug|Any CPU
		{41C5D9ED-188B-4203-9D73-D03D3216C607}.AppStore|Any CPU.Build.0 = Debug|Any CPU
		{41C5D9ED-188B-4203-9D73-D03D3216C607}.AppStore|Any CPU.Deploy.0 = Debug|Any CPU
		{41C5D9ED-188B-4203-9D73-D03D3216C607}.AppStore|ARM.ActiveCfg = Debug|Any CPU
		{41C5D9ED-188B-4203-9D73-D03D3216C607}.AppStore|ARM.Build.0 = Debug|Any CPU
		{41C5D9ED-188B-4203-9D73-D03D3216C607}.AppStore|ARM.Deploy.0 = Debug|Any CPU
		{41C5D9ED-188B-4203-9D73-D03D3216C607}.AppStore|iPhone.ActiveCfg = Debug|Any CPU
		{41C5D9ED-188B-4203-9D73-D03D3216C607}.AppStore|iPhone.Build.0 = Debug|Any CPU
		{41C5D9ED-188B-4203-9D73-D03D3216C607}.AppStore|iPhone.Deploy.0 = Debug|Any CPU
		{41C5D9ED-188B-4203-9D73-D03D3216C607}.AppStore|iPhoneSimulator.ActiveCfg = Debug|Any CPU
		{41C5D9ED-188B-4203-9D73-D03D3216C607}.AppStore|iPhoneSimulator.Build.0 = Debug|Any CPU
		{41C5D9ED-188B-4203-9D73-D03D3216C607}.AppStore|iPhoneSimulator.Deploy.0 = Debug|Any CPU
		{41C5D9ED-188B-4203-9D73-D03D3216C607}.AppStore|x64.ActiveCfg = Debug|Any CPU
		{41C5D9ED-188B-4203-9D73-D03D3216C607}.AppStore|x64.Build.0 = Debug|Any CPU
		{41C5D9ED-188B-4203-9D73-D03D3216C607}.AppStore|x64.Deploy.0 = Debug|Any CPU
		{41C5D9ED-188B-4203-9D73-D03D3216C607}.AppStore|x86.ActiveCfg = Debug|Any CPU
		{41C5D9ED-188B-4203-9D73-D03D3216C607}.AppStore|x86.Build.0 = Debug|Any CPU
		{41C5D9ED-188B-4203-9D73-D03D3216C607}.AppStore|x86.Deploy.0 = Debug|Any CPU
		{41C5D9ED-188B-4203-9D73-D03D3216C607}.Debug|Any CPU.ActiveCfg = Debug|Any CPU
		{41C5D9ED-188B-4203-9D73-D03D3216C607}.Debug|Any CPU.Build.0 = Debug|Any CPU
		{41C5D9ED-188B-4203-9D73-D03D3216C607}.Debug|Any CPU.Deploy.0 = Debug|Any CPU
		{41C5D9ED-188B-4203-9D73-D03D3216C607}.Debug|ARM.ActiveCfg = Debug|Any CPU
		{41C5D9ED-188B-4203-9D73-D03D3216C607}.Debug|ARM.Build.0 = Debug|Any CPU
		{41C5D9ED-188B-4203-9D73-D03D3216C607}.Debug|ARM.Deploy.0 = Debug|Any CPU
		{41C5D9ED-188B-4203-9D73-D03D3216C607}.Debug|iPhone.ActiveCfg = Debug|Any CPU
		{41C5D9ED-188B-4203-9D73-D03D3216C607}.Debug|iPhone.Build.0 = Debug|Any CPU
		{41C5D9ED-188B-4203-9D73-D03D3216C607}.Debug|iPhone.Deploy.0 = Debug|Any CPU
		{41C5D9ED-188B-4203-9D73-D03D3216C607}.Debug|iPhoneSimulator.ActiveCfg = Debug|Any CPU
		{41C5D9ED-188B-4203-9D73-D03D3216C607}.Debug|iPhoneSimulator.Build.0 = Debug|Any CPU
		{41C5D9ED-188B-4203-9D73-D03D3216C607}.Debug|iPhoneSimulator.Deploy.0 = Debug|Any CPU
		{41C5D9ED-188B-4203-9D73-D03D3216C607}.Debug|x64.ActiveCfg = Debug|Any CPU
		{41C5D9ED-188B-4203-9D73-D03D3216C607}.Debug|x64.Build.0 = Debug|Any CPU
		{41C5D9ED-188B-4203-9D73-D03D3216C607}.Debug|x64.Deploy.0 = Debug|Any CPU
		{41C5D9ED-188B-4203-9D73-D03D3216C607}.Debug|x86.ActiveCfg = Debug|Any CPU
		{41C5D9ED-188B-4203-9D73-D03D3216C607}.Debug|x86.Build.0 = Debug|Any CPU
		{41C5D9ED-188B-4203-9D73-D03D3216C607}.Debug|x86.Deploy.0 = Debug|Any CPU
		{41C5D9ED-188B-4203-9D73-D03D3216C607}.Release|Any CPU.ActiveCfg = Release|Any CPU
		{41C5D9ED-188B-4203-9D73-D03D3216C607}.Release|Any CPU.Build.0 = Release|Any CPU
		{41C5D9ED-188B-4203-9D73-D03D3216C607}.Release|Any CPU.Deploy.0 = Release|Any CPU
		{41C5D9ED-188B-4203-9D73-D03D3216C607}.Release|ARM.ActiveCfg = Release|Any CPU
		{41C5D9ED-188B-4203-9D73-D03D3216C607}.Release|ARM.Build.0 = Release|Any CPU
		{41C5D9ED-188B-4203-9D73-D03D3216C607}.Release|ARM.Deploy.0 = Release|Any CPU
		{41C5D9ED-188B-4203-9D73-D03D3216C607}.Release|iPhone.ActiveCfg = Release|Any CPU
		{41C5D9ED-188B-4203-9D73-D03D3216C607}.Release|iPhone.Build.0 = Release|Any CPU
		{41C5D9ED-188B-4203-9D73-D03D3216C607}.Release|iPhone.Deploy.0 = Release|Any CPU
		{41C5D9ED-188B-4203-9D73-D03D3216C607}.Release|iPhoneSimulator.ActiveCfg = Release|Any CPU
		{41C5D9ED-188B-4203-9D73-D03D3216C607}.Release|iPhoneSimulator.Build.0 = Release|Any CPU
		{41C5D9ED-188B-4203-9D73-D03D3216C607}.Release|iPhoneSimulator.Deploy.0 = Release|Any CPU
		{41C5D9ED-188B-4203-9D73-D03D3216C607}.Release|x64.ActiveCfg = Release|Any CPU
		{41C5D9ED-188B-4203-9D73-D03D3216C607}.Release|x64.Build.0 = Release|Any CPU
		{41C5D9ED-188B-4203-9D73-D03D3216C607}.Release|x64.Deploy.0 = Release|Any CPU
		{41C5D9ED-188B-4203-9D73-D03D3216C607}.Release|x86.ActiveCfg = Release|Any CPU
		{41C5D9ED-188B-4203-9D73-D03D3216C607}.Release|x86.Build.0 = Release|Any CPU
		{41C5D9ED-188B-4203-9D73-D03D3216C607}.Release|x86.Deploy.0 = Release|Any CPU
	EndGlobalSection
	GlobalSection(SolutionProperties) = preSolution
		HideSolutionNode = FALSE
	EndGlobalSection
	GlobalSection(ExtensibilityGlobals) = postSolution
		SolutionGuid = {F48F8A7B-682E-427B-9860-B59C05140235}
	EndGlobalSection
EndGlobal
