
Microsoft Visual Studio Solution File, Format Version 12.00
# Visual Studio 15
VisualStudioVersion = 15.0.27703.2042
MinimumVisualStudioVersion = 10.0.40219.1
Project("{FAE04EC0-301F-11D3-BF4B-00C04F79EFBC}") = "TipCalculator.Android", "TipCalculator\TipCalculator.Android\TipCalculator.Android.csproj", "{15059B7E-35CD-44C0-922F-E2EA24C2DAC2}"
EndProject
Project("{FAE04EC0-301F-11D3-BF4B-00C04F79EFBC}") = "TipCalculator.iOS", "TipCalculator\TipCalculator.iOS\TipCalculator.iOS.csproj", "{C15D1B87-FAD5-4B4D-88F8-EF007175835B}"
EndProject
Project("{FAE04EC0-301F-11D3-BF4B-00C04F79EFBC}") = "TipCalculator.UWP", "TipCalculator\TipCalculator.UWP\TipCalculator.UWP.csproj", "{CA037FC5-EC4E-4688-A118-BD317444CCDD}"
EndProject
Project("{FAE04EC0-301F-11D3-BF4B-00C04F79EFBC}") = "TipCalculator", "TipCalculator\TipCalculator\TipCalculator.csproj", "{CC0DFDA8-C3FB-4F30-BFCB-1EEA82C520AC}"
EndProject
Global
	GlobalSection(SolutionConfigurationPlatforms) = preSolution
		Ad-Hoc|Any CPU = Ad-Hoc|Any CPU
		Ad-Hoc|ARM = Ad-Hoc|ARM
		Ad-Hoc|iPhone = Ad-Hoc|iPhone
		Ad-Hoc|iPhoneSimulator = Ad-Hoc|iPhoneSimulator
		Ad-Hoc|x64 = Ad-Hoc|x64
		Ad-Hoc|x86 = Ad-Hoc|x86
		AppStore|Any CPU = AppStore|Any CPU
		AppStore|ARM = AppStore|ARM
		AppStore|iPhone = AppStore|iPhone
		AppStore|iPhoneSimulator = AppStore|iPhoneSimulator
		AppStore|x64 = AppStore|x64
		AppStore|x86 = AppStore|x86
		Debug|Any CPU = Debug|Any CPU
		Debug|ARM = Debug|ARM
		Debug|iPhone = Debug|iPhone
		Debug|iPhoneSimulator = Debug|iPhoneSimulator
		Debug|x64 = Debug|x64
		Debug|x86 = Debug|x86
		Release|Any CPU = Release|Any CPU
		Release|ARM = Release|ARM
		Release|iPhone = Release|iPhone
		Release|iPhoneSimulator = Release|iPhoneSimulator
		Release|x64 = Release|x64
		Release|x86 = Release|x86
	EndGlobalSection
	GlobalSection(ProjectConfigurationPlatforms) = postSolution
		{15059B7E-35CD-44C0-922F-E2EA24C2DAC2}.Ad-Hoc|Any CPU.ActiveCfg = Release|Any CPU
		{15059B7E-35CD-44C0-922F-E2EA24C2DAC2}.Ad-Hoc|Any CPU.Build.0 = Release|Any CPU
		{15059B7E-35CD-44C0-922F-E2EA24C2DAC2}.Ad-Hoc|Any CPU.Deploy.0 = Release|Any CPU
		{15059B7E-35CD-44C0-922F-E2EA24C2DAC2}.Ad-Hoc|ARM.ActiveCfg = Release|Any CPU
		{15059B7E-35CD-44C0-922F-E2EA24C2DAC2}.Ad-Hoc|ARM.Build.0 = Release|Any CPU
		{15059B7E-35CD-44C0-922F-E2EA24C2DAC2}.Ad-Hoc|ARM.Deploy.0 = Release|Any CPU
		{15059B7E-35CD-44C0-922F-E2EA24C2DAC2}.Ad-Hoc|iPhone.ActiveCfg = Release|Any CPU
		{15059B7E-35CD-44C0-922F-E2EA24C2DAC2}.Ad-Hoc|iPhone.Build.0 = Release|Any CPU
		{15059B7E-35CD-44C0-922F-E2EA24C2DAC2}.Ad-Hoc|iPhone.Deploy.0 = Release|Any CPU
		{15059B7E-35CD-44C0-922F-E2EA24C2DAC2}.Ad-Hoc|iPhoneSimulator.ActiveCfg = Release|Any CPU
		{15059B7E-35CD-44C0-922F-E2EA24C2DAC2}.Ad-Hoc|iPhoneSimulator.Build.0 = Release|Any CPU
		{15059B7E-35CD-44C0-922F-E2EA24C2DAC2}.Ad-Hoc|iPhoneSimulator.Deploy.0 = Release|Any CPU
		{15059B7E-35CD-44C0-922F-E2EA24C2DAC2}.Ad-Hoc|x64.ActiveCfg = Release|Any CPU
		{15059B7E-35CD-44C0-922F-E2EA24C2DAC2}.Ad-Hoc|x64.Build.0 = Release|Any CPU
		{15059B7E-35CD-44C0-922F-E2EA24C2DAC2}.Ad-Hoc|x64.Deploy.0 = Release|Any CPU
		{15059B7E-35CD-44C0-922F-E2EA24C2DAC2}.Ad-Hoc|x86.ActiveCfg = Release|Any CPU
		{15059B7E-35CD-44C0-922F-E2EA24C2DAC2}.Ad-Hoc|x86.Build.0 = Release|Any CPU
		{15059B7E-35CD-44C0-922F-E2EA24C2DAC2}.Ad-Hoc|x86.Deploy.0 = Release|Any CPU
		{15059B7E-35CD-44C0-922F-E2EA24C2DAC2}.AppStore|Any CPU.ActiveCfg = Release|Any CPU
		{15059B7E-35CD-44C0-922F-E2EA24C2DAC2}.AppStore|Any CPU.Build.0 = Release|Any CPU
		{15059B7E-35CD-44C0-922F-E2EA24C2DAC2}.AppStore|Any CPU.Deploy.0 = Release|Any CPU
		{15059B7E-35CD-44C0-922F-E2EA24C2DAC2}.AppStore|ARM.ActiveCfg = Release|Any CPU
		{15059B7E-35CD-44C0-922F-E2EA24C2DAC2}.AppStore|ARM.Build.0 = Release|Any CPU
		{15059B7E-35CD-44C0-922F-E2EA24C2DAC2}.AppStore|ARM.Deploy.0 = Release|Any CPU
		{15059B7E-35CD-44C0-922F-E2EA24C2DAC2}.AppStore|iPhone.ActiveCfg = Release|Any CPU
		{15059B7E-35CD-44C0-922F-E2EA24C2DAC2}.AppStore|iPhone.Build.0 = Release|Any CPU
		{15059B7E-35CD-44C0-922F-E2EA24C2DAC2}.AppStore|iPhone.Deploy.0 = Release|Any CPU
		{15059B7E-35CD-44C0-922F-E2EA24C2DAC2}.AppStore|iPhoneSimulator.ActiveCfg = Release|Any CPU
		{15059B7E-35CD-44C0-922F-E2EA24C2DAC2}.AppStore|iPhoneSimulator.Build.0 = Release|Any CPU
		{15059B7E-35CD-44C0-922F-E2EA24C2DAC2}.AppStore|iPhoneSimulator.Deploy.0 = Release|Any CPU
		{15059B7E-35CD-44C0-922F-E2EA24C2DAC2}.AppStore|x64.ActiveCfg = Release|Any CPU
		{15059B7E-35CD-44C0-922F-E2EA24C2DAC2}.AppStore|x64.Build.0 = Release|Any CPU
		{15059B7E-35CD-44C0-922F-E2EA24C2DAC2}.AppStore|x64.Deploy.0 = Release|Any CPU
		{15059B7E-35CD-44C0-922F-E2EA24C2DAC2}.AppStore|x86.ActiveCfg = Release|Any CPU
		{15059B7E-35CD-44C0-922F-E2EA24C2DAC2}.AppStore|x86.Build.0 = Release|Any CPU
		{15059B7E-35CD-44C0-922F-E2EA24C2DAC2}.AppStore|x86.Deploy.0 = Release|Any CPU
		{15059B7E-35CD-44C0-922F-E2EA24C2DAC2}.Debug|Any CPU.ActiveCfg = Debug|Any CPU
		{15059B7E-35CD-44C0-922F-E2EA24C2DAC2}.Debug|Any CPU.Build.0 = Debug|Any CPU
		{15059B7E-35CD-44C0-922F-E2EA24C2DAC2}.Debug|Any CPU.Deploy.0 = Debug|Any CPU
		{15059B7E-35CD-44C0-922F-E2EA24C2DAC2}.Debug|ARM.ActiveCfg = Debug|Any CPU
		{15059B7E-35CD-44C0-922F-E2EA24C2DAC2}.Debug|ARM.Build.0 = Debug|Any CPU
		{15059B7E-35CD-44C0-922F-E2EA24C2DAC2}.Debug|ARM.Deploy.0 = Debug|Any CPU
		{15059B7E-35CD-44C0-922F-E2EA24C2DAC2}.Debug|iPhone.ActiveCfg = Debug|Any CPU
		{15059B7E-35CD-44C0-922F-E2EA24C2DAC2}.Debug|iPhone.Build.0 = Debug|Any CPU
		{15059B7E-35CD-44C0-922F-E2EA24C2DAC2}.Debug|iPhone.Deploy.0 = Debug|Any CPU
		{15059B7E-35CD-44C0-922F-E2EA24C2DAC2}.Debug|iPhoneSimulator.ActiveCfg = Debug|Any CPU
		{15059B7E-35CD-44C0-922F-E2EA24C2DAC2}.Debug|iPhoneSimulator.Build.0 = Debug|Any CPU
		{15059B7E-35CD-44C0-922F-E2EA24C2DAC2}.Debug|iPhoneSimulator.Deploy.0 = Debug|Any CPU
		{15059B7E-35CD-44C0-922F-E2EA24C2DAC2}.Debug|x64.ActiveCfg = Debug|Any CPU
		{15059B7E-35CD-44C0-922F-E2EA24C2DAC2}.Debug|x64.Build.0 = Debug|Any CPU
		{15059B7E-35CD-44C0-922F-E2EA24C2DAC2}.Debug|x64.Deploy.0 = Debug|Any CPU
		{15059B7E-35CD-44C0-922F-E2EA24C2DAC2}.Debug|x86.ActiveCfg = Debug|Any CPU
		{15059B7E-35CD-44C0-922F-E2EA24C2DAC2}.Debug|x86.Build.0 = Debug|Any CPU
		{15059B7E-35CD-44C0-922F-E2EA24C2DAC2}.Debug|x86.Deploy.0 = Debug|Any CPU
		{15059B7E-35CD-44C0-922F-E2EA24C2DAC2}.Release|Any CPU.ActiveCfg = Release|Any CPU
		{15059B7E-35CD-44C0-922F-E2EA24C2DAC2}.Release|Any CPU.Build.0 = Release|Any CPU
		{15059B7E-35CD-44C0-922F-E2EA24C2DAC2}.Release|Any CPU.Deploy.0 = Release|Any CPU
		{15059B7E-35CD-44C0-922F-E2EA24C2DAC2}.Release|ARM.ActiveCfg = Release|Any CPU
		{15059B7E-35CD-44C0-922F-E2EA24C2DAC2}.Release|ARM.Build.0 = Release|Any CPU
		{15059B7E-35CD-44C0-922F-E2EA24C2DAC2}.Release|ARM.Deploy.0 = Release|Any CPU
		{15059B7E-35CD-44C0-922F-E2EA24C2DAC2}.Release|iPhone.ActiveCfg = Release|Any CPU
		{15059B7E-35CD-44C0-922F-E2EA24C2DAC2}.Release|iPhone.Build.0 = Release|Any CPU
		{15059B7E-35CD-44C0-922F-E2EA24C2DAC2}.Release|iPhone.Deploy.0 = Release|Any CPU
		{15059B7E-35CD-44C0-922F-E2EA24C2DAC2}.Release|iPhoneSimulator.ActiveCfg = Release|Any CPU
		{15059B7E-35CD-44C0-922F-E2EA24C2DAC2}.Release|iPhoneSimulator.Build.0 = Release|Any CPU
		{15059B7E-35CD-44C0-922F-E2EA24C2DAC2}.Release|iPhoneSimulator.Deploy.0 = Release|Any CPU
		{15059B7E-35CD-44C0-922F-E2EA24C2DAC2}.Release|x64.ActiveCfg = Release|Any CPU
		{15059B7E-35CD-44C0-922F-E2EA24C2DAC2}.Release|x64.Build.0 = Release|Any CPU
		{15059B7E-35CD-44C0-922F-E2EA24C2DAC2}.Release|x64.Deploy.0 = Release|Any CPU
		{15059B7E-35CD-44C0-922F-E2EA24C2DAC2}.Release|x86.ActiveCfg = Release|Any CPU
		{15059B7E-35CD-44C0-922F-E2EA24C2DAC2}.Release|x86.Build.0 = Release|Any CPU
		{15059B7E-35CD-44C0-922F-E2EA24C2DAC2}.Release|x86.Deploy.0 = Release|Any CPU
		{C15D1B87-FAD5-4B4D-88F8-EF007175835B}.Ad-Hoc|Any CPU.ActiveCfg = Ad-Hoc|iPhone
		{C15D1B87-FAD5-4B4D-88F8-EF007175835B}.Ad-Hoc|Any CPU.Build.0 = Ad-Hoc|iPhone
		{C15D1B87-FAD5-4B4D-88F8-EF007175835B}.Ad-Hoc|Any CPU.Deploy.0 = Ad-Hoc|iPhone
		{C15D1B87-FAD5-4B4D-88F8-EF007175835B}.Ad-Hoc|ARM.ActiveCfg = Ad-Hoc|iPhone
		{C15D1B87-FAD5-4B4D-88F8-EF007175835B}.Ad-Hoc|ARM.Build.0 = Ad-Hoc|iPhone
		{C15D1B87-FAD5-4B4D-88F8-EF007175835B}.Ad-Hoc|ARM.Deploy.0 = Ad-Hoc|iPhone
		{C15D1B87-FAD5-4B4D-88F8-EF007175835B}.Ad-Hoc|iPhone.ActiveCfg = Ad-Hoc|iPhone
		{C15D1B87-FAD5-4B4D-88F8-EF007175835B}.Ad-Hoc|iPhone.Build.0 = Ad-Hoc|iPhone
		{C15D1B87-FAD5-4B4D-88F8-EF007175835B}.Ad-Hoc|iPhone.Deploy.0 = Ad-Hoc|iPhone
		{C15D1B87-FAD5-4B4D-88F8-EF007175835B}.Ad-Hoc|iPhoneSimulator.ActiveCfg = Ad-Hoc|iPhoneSimulator
		{C15D1B87-FAD5-4B4D-88F8-EF007175835B}.Ad-Hoc|iPhoneSimulator.Build.0 = Ad-Hoc|iPhoneSimulator
		{C15D1B87-FAD5-4B4D-88F8-EF007175835B}.Ad-Hoc|iPhoneSimulator.Deploy.0 = Ad-Hoc|iPhoneSimulator
		{C15D1B87-FAD5-4B4D-88F8-EF007175835B}.Ad-Hoc|x64.ActiveCfg = Ad-Hoc|iPhone
		{C15D1B87-FAD5-4B4D-88F8-EF007175835B}.Ad-Hoc|x64.Build.0 = Ad-Hoc|iPhone
		{C15D1B87-FAD5-4B4D-88F8-EF007175835B}.Ad-Hoc|x64.Deploy.0 = Ad-Hoc|iPhone
		{C15D1B87-FAD5-4B4D-88F8-EF007175835B}.Ad-Hoc|x86.ActiveCfg = Ad-Hoc|iPhone
		{C15D1B87-FAD5-4B4D-88F8-EF007175835B}.Ad-Hoc|x86.Build.0 = Ad-Hoc|iPhone
		{C15D1B87-FAD5-4B4D-88F8-EF007175835B}.Ad-Hoc|x86.Deploy.0 = Ad-Hoc|iPhone
		{C15D1B87-FAD5-4B4D-88F8-EF007175835B}.AppStore|Any CPU.ActiveCfg = AppStore|iPhone
		{C15D1B87-FAD5-4B4D-88F8-EF007175835B}.AppStore|Any CPU.Build.0 = AppStore|iPhone
		{C15D1B87-FAD5-4B4D-88F8-EF007175835B}.AppStore|Any CPU.Deploy.0 = AppStore|iPhone
		{C15D1B87-FAD5-4B4D-88F8-EF007175835B}.AppStore|ARM.ActiveCfg = AppStore|iPhone
		{C15D1B87-FAD5-4B4D-88F8-EF007175835B}.AppStore|ARM.Build.0 = AppStore|iPhone
		{C15D1B87-FAD5-4B4D-88F8-EF007175835B}.AppStore|ARM.Deploy.0 = AppStore|iPhone
		{C15D1B87-FAD5-4B4D-88F8-EF007175835B}.AppStore|iPhone.ActiveCfg = AppStore|iPhone
		{C15D1B87-FAD5-4B4D-88F8-EF007175835B}.AppStore|iPhone.Build.0 = AppStore|iPhone
		{C15D1B87-FAD5-4B4D-88F8-EF007175835B}.AppStore|iPhone.Deploy.0 = AppStore|iPhone
		{C15D1B87-FAD5-4B4D-88F8-EF007175835B}.AppStore|iPhoneSimulator.ActiveCfg = AppStore|iPhoneSimulator
		{C15D1B87-FAD5-4B4D-88F8-EF007175835B}.AppStore|iPhoneSimulator.Build.0 = AppStore|iPhoneSimulator
		{C15D1B87-FAD5-4B4D-88F8-EF007175835B}.AppStore|iPhoneSimulator.Deploy.0 = AppStore|iPhoneSimulator
		{C15D1B87-FAD5-4B4D-88F8-EF007175835B}.AppStore|x64.ActiveCfg = AppStore|iPhone
		{C15D1B87-FAD5-4B4D-88F8-EF007175835B}.AppStore|x64.Build.0 = AppStore|iPhone
		{C15D1B87-FAD5-4B4D-88F8-EF007175835B}.AppStore|x64.Deploy.0 = AppStore|iPhone
		{C15D1B87-FAD5-4B4D-88F8-EF007175835B}.AppStore|x86.ActiveCfg = AppStore|iPhone
		{C15D1B87-FAD5-4B4D-88F8-EF007175835B}.AppStore|x86.Build.0 = AppStore|iPhone
		{C15D1B87-FAD5-4B4D-88F8-EF007175835B}.AppStore|x86.Deploy.0 = AppStore|iPhone
		{C15D1B87-FAD5-4B4D-88F8-EF007175835B}.Debug|Any CPU.ActiveCfg = Debug|iPhoneSimulator
		{C15D1B87-FAD5-4B4D-88F8-EF007175835B}.Debug|Any CPU.Build.0 = Debug|iPhoneSimulator
		{C15D1B87-FAD5-4B4D-88F8-EF007175835B}.Debug|Any CPU.Deploy.0 = Debug|iPhoneSimulator
		{C15D1B87-FAD5-4B4D-88F8-EF007175835B}.Debug|ARM.ActiveCfg = Debug|iPhone
		{C15D1B87-FAD5-4B4D-88F8-EF007175835B}.Debug|ARM.Build.0 = Debug|iPhone
		{C15D1B87-FAD5-4B4D-88F8-EF007175835B}.Debug|ARM.Deploy.0 = Debug|iPhone
		{C15D1B87-FAD5-4B4D-88F8-EF007175835B}.Debug|iPhone.ActiveCfg = Debug|iPhone
		{C15D1B87-FAD5-4B4D-88F8-EF007175835B}.Debug|iPhone.Build.0 = Debug|iPhone
		{C15D1B87-FAD5-4B4D-88F8-EF007175835B}.Debug|iPhone.Deploy.0 = Debug|iPhone
		{C15D1B87-FAD5-4B4D-88F8-EF007175835B}.Debug|iPhoneSimulator.ActiveCfg = Debug|iPhoneSimulator
		{C15D1B87-FAD5-4B4D-88F8-EF007175835B}.Debug|iPhoneSimulator.Build.0 = Debug|iPhoneSimulator
		{C15D1B87-FAD5-4B4D-88F8-EF007175835B}.Debug|iPhoneSimulator.Deploy.0 = Debug|iPhoneSimulator
		{C15D1B87-FAD5-4B4D-88F8-EF007175835B}.Debug|x64.ActiveCfg = Debug|iPhone
		{C15D1B87-FAD5-4B4D-88F8-EF007175835B}.Debug|x64.Build.0 = Debug|iPhone
		{C15D1B87-FAD5-4B4D-88F8-EF007175835B}.Debug|x64.Deploy.0 = Debug|iPhone
		{C15D1B87-FAD5-4B4D-88F8-EF007175835B}.Debug|x86.ActiveCfg = Debug|iPhone
		{C15D1B87-FAD5-4B4D-88F8-EF007175835B}.Debug|x86.Build.0 = Debug|iPhone
		{C15D1B87-FAD5-4B4D-88F8-EF007175835B}.Debug|x86.Deploy.0 = Debug|iPhone
		{C15D1B87-FAD5-4B4D-88F8-EF007175835B}.Release|Any CPU.ActiveCfg = Release|iPhone
		{C15D1B87-FAD5-4B4D-88F8-EF007175835B}.Release|Any CPU.Build.0 = Release|iPhone
		{C15D1B87-FAD5-4B4D-88F8-EF007175835B}.Release|Any CPU.Deploy.0 = Release|iPhone
		{C15D1B87-FAD5-4B4D-88F8-EF007175835B}.Release|ARM.ActiveCfg = Release|iPhone
		{C15D1B87-FAD5-4B4D-88F8-EF007175835B}.Release|ARM.Build.0 = Release|iPhone
		{C15D1B87-FAD5-4B4D-88F8-EF007175835B}.Release|ARM.Deploy.0 = Release|iPhone
		{C15D1B87-FAD5-4B4D-88F8-EF007175835B}.Release|iPhone.ActiveCfg = Release|iPhone
		{C15D1B87-FAD5-4B4D-88F8-EF007175835B}.Release|iPhone.Build.0 = Release|iPhone
		{C15D1B87-FAD5-4B4D-88F8-EF007175835B}.Release|iPhone.Deploy.0 = Release|iPhone
		{C15D1B87-FAD5-4B4D-88F8-EF007175835B}.Release|iPhoneSimulator.ActiveCfg = Release|iPhoneSimulator
		{C15D1B87-FAD5-4B4D-88F8-EF007175835B}.Release|iPhoneSimulator.Build.0 = Release|iPhoneSimulator
		{C15D1B87-FAD5-4B4D-88F8-EF007175835B}.Release|iPhoneSimulator.Deploy.0 = Release|iPhoneSimulator
		{C15D1B87-FAD5-4B4D-88F8-EF007175835B}.Release|x64.ActiveCfg = Release|iPhone
		{C15D1B87-FAD5-4B4D-88F8-EF007175835B}.Release|x64.Build.0 = Release|iPhone
		{C15D1B87-FAD5-4B4D-88F8-EF007175835B}.Release|x64.Deploy.0 = Release|iPhone
		{C15D1B87-FAD5-4B4D-88F8-EF007175835B}.Release|x86.ActiveCfg = Release|iPhone
		{C15D1B87-FAD5-4B4D-88F8-EF007175835B}.Release|x86.Build.0 = Release|iPhone
		{C15D1B87-FAD5-4B4D-88F8-EF007175835B}.Release|x86.Deploy.0 = Release|iPhone
		{CA037FC5-EC4E-4688-A118-BD317444CCDD}.Ad-Hoc|Any CPU.ActiveCfg = Release|x86
		{CA037FC5-EC4E-4688-A118-BD317444CCDD}.Ad-Hoc|Any CPU.Build.0 = Release|x86
		{CA037FC5-EC4E-4688-A118-BD317444CCDD}.Ad-Hoc|Any CPU.Deploy.0 = Release|x86
		{CA037FC5-EC4E-4688-A118-BD317444CCDD}.Ad-Hoc|ARM.ActiveCfg = Release|ARM
		{CA037FC5-EC4E-4688-A118-BD317444CCDD}.Ad-Hoc|ARM.Build.0 = Release|ARM
		{CA037FC5-EC4E-4688-A118-BD317444CCDD}.Ad-Hoc|ARM.Deploy.0 = Release|ARM
		{CA037FC5-EC4E-4688-A118-BD317444CCDD}.Ad-Hoc|iPhone.ActiveCfg = Release|x86
		{CA037FC5-EC4E-4688-A118-BD317444CCDD}.Ad-Hoc|iPhone.Build.0 = Release|x86
		{CA037FC5-EC4E-4688-A118-BD317444CCDD}.Ad-Hoc|iPhone.Deploy.0 = Release|x86
		{CA037FC5-EC4E-4688-A118-BD317444CCDD}.Ad-Hoc|iPhoneSimulator.ActiveCfg = Release|x86
		{CA037FC5-EC4E-4688-A118-BD317444CCDD}.Ad-Hoc|iPhoneSimulator.Build.0 = Release|x86
		{CA037FC5-EC4E-4688-A118-BD317444CCDD}.Ad-Hoc|iPhoneSimulator.Deploy.0 = Release|x86
		{CA037FC5-EC4E-4688-A118-BD317444CCDD}.Ad-Hoc|x64.ActiveCfg = Release|x64
		{CA037FC5-EC4E-4688-A118-BD317444CCDD}.Ad-Hoc|x64.Build.0 = Release|x64
		{CA037FC5-EC4E-4688-A118-BD317444CCDD}.Ad-Hoc|x64.Deploy.0 = Release|x64
		{CA037FC5-EC4E-4688-A118-BD317444CCDD}.Ad-Hoc|x86.ActiveCfg = Release|x86
		{CA037FC5-EC4E-4688-A118-BD317444CCDD}.Ad-Hoc|x86.Build.0 = Release|x86
		{CA037FC5-EC4E-4688-A118-BD317444CCDD}.Ad-Hoc|x86.Deploy.0 = Release|x86
		{CA037FC5-EC4E-4688-A118-BD317444CCDD}.AppStore|Any CPU.ActiveCfg = Release|x86
		{CA037FC5-EC4E-4688-A118-BD317444CCDD}.AppStore|Any CPU.Build.0 = Release|x86
		{CA037FC5-EC4E-4688-A118-BD317444CCDD}.AppStore|Any CPU.Deploy.0 = Release|x86
		{CA037FC5-EC4E-4688-A118-BD317444CCDD}.AppStore|ARM.ActiveCfg = Release|ARM
		{CA037FC5-EC4E-4688-A118-BD317444CCDD}.AppStore|ARM.Build.0 = Release|ARM
		{CA037FC5-EC4E-4688-A118-BD317444CCDD}.AppStore|ARM.Deploy.0 = Release|ARM
		{CA037FC5-EC4E-4688-A118-BD317444CCDD}.AppStore|iPhone.ActiveCfg = Release|x86
		{CA037FC5-EC4E-4688-A118-BD317444CCDD}.AppStore|iPhone.Build.0 = Release|x86
		{CA037FC5-EC4E-4688-A118-BD317444CCDD}.AppStore|iPhone.Deploy.0 = Release|x86
		{CA037FC5-EC4E-4688-A118-BD317444CCDD}.AppStore|iPhoneSimulator.ActiveCfg = Release|x86
		{CA037FC5-EC4E-4688-A118-BD317444CCDD}.AppStore|iPhoneSimulator.Build.0 = Release|x86
		{CA037FC5-EC4E-4688-A118-BD317444CCDD}.AppStore|iPhoneSimulator.Deploy.0 = Release|x86
		{CA037FC5-EC4E-4688-A118-BD317444CCDD}.AppStore|x64.ActiveCfg = Release|x64
		{CA037FC5-EC4E-4688-A118-BD317444CCDD}.AppStore|x64.Build.0 = Release|x64
		{CA037FC5-EC4E-4688-A118-BD317444CCDD}.AppStore|x64.Deploy.0 = Release|x64
		{CA037FC5-EC4E-4688-A118-BD317444CCDD}.AppStore|x86.ActiveCfg = Release|x86
		{CA037FC5-EC4E-4688-A118-BD317444CCDD}.AppStore|x86.Build.0 = Release|x86
		{CA037FC5-EC4E-4688-A118-BD317444CCDD}.AppStore|x86.Deploy.0 = Release|x86
		{CA037FC5-EC4E-4688-A118-BD317444CCDD}.Debug|Any CPU.ActiveCfg = Debug|x86
		{CA037FC5-EC4E-4688-A118-BD317444CCDD}.Debug|Any CPU.Build.0 = Debug|x86
		{CA037FC5-EC4E-4688-A118-BD317444CCDD}.Debug|Any CPU.Deploy.0 = Debug|x86
		{CA037FC5-EC4E-4688-A118-BD317444CCDD}.Debug|ARM.ActiveCfg = Debug|ARM
		{CA037FC5-EC4E-4688-A118-BD317444CCDD}.Debug|ARM.Build.0 = Debug|ARM
		{CA037FC5-EC4E-4688-A118-BD317444CCDD}.Debug|ARM.Deploy.0 = Debug|ARM
		{CA037FC5-EC4E-4688-A118-BD317444CCDD}.Debug|iPhone.ActiveCfg = Debug|x86
		{CA037FC5-EC4E-4688-A118-BD317444CCDD}.Debug|iPhone.Build.0 = Debug|x86
		{CA037FC5-EC4E-4688-A118-BD317444CCDD}.Debug|iPhone.Deploy.0 = Debug|x86
		{CA037FC5-EC4E-4688-A118-BD317444CCDD}.Debug|iPhoneSimulator.ActiveCfg = Debug|x86
		{CA037FC5-EC4E-4688-A118-BD317444CCDD}.Debug|iPhoneSimulator.Build.0 = Debug|x86
		{CA037FC5-EC4E-4688-A118-BD317444CCDD}.Debug|iPhoneSimulator.Deploy.0 = Debug|x86
		{CA037FC5-EC4E-4688-A118-BD317444CCDD}.Debug|x64.ActiveCfg = Debug|x64
		{CA037FC5-EC4E-4688-A118-BD317444CCDD}.Debug|x64.Build.0 = Debug|x64
		{CA037FC5-EC4E-4688-A118-BD317444CCDD}.Debug|x64.Deploy.0 = Debug|x64
		{CA037FC5-EC4E-4688-A118-BD317444CCDD}.Debug|x86.ActiveCfg = Debug|x86
		{CA037FC5-EC4E-4688-A118-BD317444CCDD}.Debug|x86.Build.0 = Debug|x86
		{CA037FC5-EC4E-4688-A118-BD317444CCDD}.Debug|x86.Deploy.0 = Debug|x86
		{CA037FC5-EC4E-4688-A118-BD317444CCDD}.Release|Any CPU.ActiveCfg = Release|x86
		{CA037FC5-EC4E-4688-A118-BD317444CCDD}.Release|Any CPU.Build.0 = Release|x86
		{CA037FC5-EC4E-4688-A118-BD317444CCDD}.Release|Any CPU.Deploy.0 = Release|x86
		{CA037FC5-EC4E-4688-A118-BD317444CCDD}.Release|ARM.ActiveCfg = Release|ARM
		{CA037FC5-EC4E-4688-A118-BD317444CCDD}.Release|ARM.Build.0 = Release|ARM
		{CA037FC5-EC4E-4688-A118-BD317444CCDD}.Release|ARM.Deploy.0 = Release|ARM
		{CA037FC5-EC4E-4688-A118-BD317444CCDD}.Release|iPhone.ActiveCfg = Release|x86
		{CA037FC5-EC4E-4688-A118-BD317444CCDD}.Release|iPhone.Build.0 = Release|x86
		{CA037FC5-EC4E-4688-A118-BD317444CCDD}.Release|iPhone.Deploy.0 = Release|x86
		{CA037FC5-EC4E-4688-A118-BD317444CCDD}.Release|iPhoneSimulator.ActiveCfg = Release|x86
		{CA037FC5-EC4E-4688-A118-BD317444CCDD}.Release|iPhoneSimulator.Build.0 = Release|x86
		{CA037FC5-EC4E-4688-A118-BD317444CCDD}.Release|iPhoneSimulator.Deploy.0 = Release|x86
		{CA037FC5-EC4E-4688-A118-BD317444CCDD}.Release|x64.ActiveCfg = Release|x64
		{CA037FC5-EC4E-4688-A118-BD317444CCDD}.Release|x64.Build.0 = Release|x64
		{CA037FC5-EC4E-4688-A118-BD317444CCDD}.Release|x64.Deploy.0 = Release|x64
		{CA037FC5-EC4E-4688-A118-BD317444CCDD}.Release|x86.ActiveCfg = Release|x86
		{CA037FC5-EC4E-4688-A118-BD317444CCDD}.Release|x86.Build.0 = Release|x86
		{CA037FC5-EC4E-4688-A118-BD317444CCDD}.Release|x86.Deploy.0 = Release|x86
		{CC0DFDA8-C3FB-4F30-BFCB-1EEA82C520AC}.Ad-Hoc|Any CPU.ActiveCfg = Debug|Any CPU
		{CC0DFDA8-C3FB-4F30-BFCB-1EEA82C520AC}.Ad-Hoc|Any CPU.Build.0 = Debug|Any CPU
		{CC0DFDA8-C3FB-4F30-BFCB-1EEA82C520AC}.Ad-Hoc|Any CPU.Deploy.0 = Debug|Any CPU
		{CC0DFDA8-C3FB-4F30-BFCB-1EEA82C520AC}.Ad-Hoc|ARM.ActiveCfg = Debug|Any CPU
		{CC0DFDA8-C3FB-4F30-BFCB-1EEA82C520AC}.Ad-Hoc|ARM.Build.0 = Debug|Any CPU
		{CC0DFDA8-C3FB-4F30-BFCB-1EEA82C520AC}.Ad-Hoc|ARM.Deploy.0 = Debug|Any CPU
		{CC0DFDA8-C3FB-4F30-BFCB-1EEA82C520AC}.Ad-Hoc|iPhone.ActiveCfg = Debug|Any CPU
		{CC0DFDA8-C3FB-4F30-BFCB-1EEA82C520AC}.Ad-Hoc|iPhone.Build.0 = Debug|Any CPU
		{CC0DFDA8-C3FB-4F30-BFCB-1EEA82C520AC}.Ad-Hoc|iPhone.Deploy.0 = Debug|Any CPU
		{CC0DFDA8-C3FB-4F30-BFCB-1EEA82C520AC}.Ad-Hoc|iPhoneSimulator.ActiveCfg = Debug|Any CPU
		{CC0DFDA8-C3FB-4F30-BFCB-1EEA82C520AC}.Ad-Hoc|iPhoneSimulator.Build.0 = Debug|Any CPU
		{CC0DFDA8-C3FB-4F30-BFCB-1EEA82C520AC}.Ad-Hoc|iPhoneSimulator.Deploy.0 = Debug|Any CPU
		{CC0DFDA8-C3FB-4F30-BFCB-1EEA82C520AC}.Ad-Hoc|x64.ActiveCfg = Debug|Any CPU
		{CC0DFDA8-C3FB-4F30-BFCB-1EEA82C520AC}.Ad-Hoc|x64.Build.0 = Debug|Any CPU
		{CC0DFDA8-C3FB-4F30-BFCB-1EEA82C520AC}.Ad-Hoc|x64.Deploy.0 = Debug|Any CPU
		{CC0DFDA8-C3FB-4F30-BFCB-1EEA82C520AC}.Ad-Hoc|x86.ActiveCfg = Debug|Any CPU
		{CC0DFDA8-C3FB-4F30-BFCB-1EEA82C520AC}.Ad-Hoc|x86.Build.0 = Debug|Any CPU
		{CC0DFDA8-C3FB-4F30-BFCB-1EEA82C520AC}.Ad-Hoc|x86.Deploy.0 = Debug|Any CPU
		{CC0DFDA8-C3FB-4F30-BFCB-1EEA82C520AC}.AppStore|Any CPU.ActiveCfg = Debug|Any CPU
		{CC0DFDA8-C3FB-4F30-BFCB-1EEA82C520AC}.AppStore|Any CPU.Build.0 = Debug|Any CPU
		{CC0DFDA8-C3FB-4F30-BFCB-1EEA82C520AC}.AppStore|Any CPU.Deploy.0 = Debug|Any CPU
		{CC0DFDA8-C3FB-4F30-BFCB-1EEA82C520AC}.AppStore|ARM.ActiveCfg = Debug|Any CPU
		{CC0DFDA8-C3FB-4F30-BFCB-1EEA82C520AC}.AppStore|ARM.Build.0 = Debug|Any CPU
		{CC0DFDA8-C3FB-4F30-BFCB-1EEA82C520AC}.AppStore|ARM.Deploy.0 = Debug|Any CPU
		{CC0DFDA8-C3FB-4F30-BFCB-1EEA82C520AC}.AppStore|iPhone.ActiveCfg = Debug|Any CPU
		{CC0DFDA8-C3FB-4F30-BFCB-1EEA82C520AC}.AppStore|iPhone.Build.0 = Debug|Any CPU
		{CC0DFDA8-C3FB-4F30-BFCB-1EEA82C520AC}.AppStore|iPhone.Deploy.0 = Debug|Any CPU
		{CC0DFDA8-C3FB-4F30-BFCB-1EEA82C520AC}.AppStore|iPhoneSimulator.ActiveCfg = Debug|Any CPU
		{CC0DFDA8-C3FB-4F30-BFCB-1EEA82C520AC}.AppStore|iPhoneSimulator.Build.0 = Debug|Any CPU
		{CC0DFDA8-C3FB-4F30-BFCB-1EEA82C520AC}.AppStore|iPhoneSimulator.Deploy.0 = Debug|Any CPU
		{CC0DFDA8-C3FB-4F30-BFCB-1EEA82C520AC}.AppStore|x64.ActiveCfg = Debug|Any CPU
		{CC0DFDA8-C3FB-4F30-BFCB-1EEA82C520AC}.AppStore|x64.Build.0 = Debug|Any CPU
		{CC0DFDA8-C3FB-4F30-BFCB-1EEA82C520AC}.AppStore|x64.Deploy.0 = Debug|Any CPU
		{CC0DFDA8-C3FB-4F30-BFCB-1EEA82C520AC}.AppStore|x86.ActiveCfg = Debug|Any CPU
		{CC0DFDA8-C3FB-4F30-BFCB-1EEA82C520AC}.AppStore|x86.Build.0 = Debug|Any CPU
		{CC0DFDA8-C3FB-4F30-BFCB-1EEA82C520AC}.AppStore|x86.Deploy.0 = Debug|Any CPU
		{CC0DFDA8-C3FB-4F30-BFCB-1EEA82C520AC}.Debug|Any CPU.ActiveCfg = Debug|Any CPU
		{CC0DFDA8-C3FB-4F30-BFCB-1EEA82C520AC}.Debug|Any CPU.Build.0 = Debug|Any CPU
		{CC0DFDA8-C3FB-4F30-BFCB-1EEA82C520AC}.Debug|Any CPU.Deploy.0 = Debug|Any CPU
		{CC0DFDA8-C3FB-4F30-BFCB-1EEA82C520AC}.Debug|ARM.ActiveCfg = Debug|Any CPU
		{CC0DFDA8-C3FB-4F30-BFCB-1EEA82C520AC}.Debug|ARM.Build.0 = Debug|Any CPU
		{CC0DFDA8-C3FB-4F30-BFCB-1EEA82C520AC}.Debug|ARM.Deploy.0 = Debug|Any CPU
		{CC0DFDA8-C3FB-4F30-BFCB-1EEA82C520AC}.Debug|iPhone.ActiveCfg = Debug|Any CPU
		{CC0DFDA8-C3FB-4F30-BFCB-1EEA82C520AC}.Debug|iPhone.Build.0 = Debug|Any CPU
		{CC0DFDA8-C3FB-4F30-BFCB-1EEA82C520AC}.Debug|iPhone.Deploy.0 = Debug|Any CPU
		{CC0DFDA8-C3FB-4F30-BFCB-1EEA82C520AC}.Debug|iPhoneSimulator.ActiveCfg = Debug|Any CPU
		{CC0DFDA8-C3FB-4F30-BFCB-1EEA82C520AC}.Debug|iPhoneSimulator.Build.0 = Debug|Any CPU
		{CC0DFDA8-C3FB-4F30-BFCB-1EEA82C520AC}.Debug|iPhoneSimulator.Deploy.0 = Debug|Any CPU
		{CC0DFDA8-C3FB-4F30-BFCB-1EEA82C520AC}.Debug|x64.ActiveCfg = Debug|Any CPU
		{CC0DFDA8-C3FB-4F30-BFCB-1EEA82C520AC}.Debug|x64.Build.0 = Debug|Any CPU
		{CC0DFDA8-C3FB-4F30-BFCB-1EEA82C520AC}.Debug|x64.Deploy.0 = Debug|Any CPU
		{CC0DFDA8-C3FB-4F30-BFCB-1EEA82C520AC}.Debug|x86.ActiveCfg = Debug|Any CPU
		{CC0DFDA8-C3FB-4F30-BFCB-1EEA82C520AC}.Debug|x86.Build.0 = Debug|Any CPU
		{CC0DFDA8-C3FB-4F30-BFCB-1EEA82C520AC}.Debug|x86.Deploy.0 = Debug|Any CPU
		{CC0DFDA8-C3FB-4F30-BFCB-1EEA82C520AC}.Release|Any CPU.ActiveCfg = Release|Any CPU
		{CC0DFDA8-C3FB-4F30-BFCB-1EEA82C520AC}.Release|Any CPU.Build.0 = Release|Any CPU
		{CC0DFDA8-C3FB-4F30-BFCB-1EEA82C520AC}.Release|Any CPU.Deploy.0 = Release|Any CPU
		{CC0DFDA8-C3FB-4F30-BFCB-1EEA82C520AC}.Release|ARM.ActiveCfg = Release|Any CPU
		{CC0DFDA8-C3FB-4F30-BFCB-1EEA82C520AC}.Release|ARM.Build.0 = Release|Any CPU
		{CC0DFDA8-C3FB-4F30-BFCB-1EEA82C520AC}.Release|ARM.Deploy.0 = Release|Any CPU
		{CC0DFDA8-C3FB-4F30-BFCB-1EEA82C520AC}.Release|iPhone.ActiveCfg = Release|Any CPU
		{CC0DFDA8-C3FB-4F30-BFCB-1EEA82C520AC}.Release|iPhone.Build.0 = Release|Any CPU
		{CC0DFDA8-C3FB-4F30-BFCB-1EEA82C520AC}.Release|iPhone.Deploy.0 = Release|Any CPU
		{CC0DFDA8-C3FB-4F30-BFCB-1EEA82C520AC}.Release|iPhoneSimulator.ActiveCfg = Release|Any CPU
		{CC0DFDA8-C3FB-4F30-BFCB-1EEA82C520AC}.Release|iPhoneSimulator.Build.0 = Release|Any CPU
		{CC0DFDA8-C3FB-4F30-BFCB-1EEA82C520AC}.Release|iPhoneSimulator.Deploy.0 = Release|Any CPU
		{CC0DFDA8-C3FB-4F30-BFCB-1EEA82C520AC}.Release|x64.ActiveCfg = Release|Any CPU
		{CC0DFDA8-C3FB-4F30-BFCB-1EEA82C520AC}.Release|x64.Build.0 = Release|Any CPU
		{CC0DFDA8-C3FB-4F30-BFCB-1EEA82C520AC}.Release|x64.Deploy.0 = Release|Any CPU
		{CC0DFDA8-C3FB-4F30-BFCB-1EEA82C520AC}.Release|x86.ActiveCfg = Release|Any CPU
		{CC0DFDA8-C3FB-4F30-BFCB-1EEA82C520AC}.Release|x86.Build.0 = Release|Any CPU
		{CC0DFDA8-C3FB-4F30-BFCB-1EEA82C520AC}.Release|x86.Deploy.0 = Release|Any CPU
	EndGlobalSection
	GlobalSection(SolutionProperties) = preSolution
		HideSolutionNode = FALSE
	EndGlobalSection
	GlobalSection(ExtensibilityGlobals) = postSolution
		SolutionGuid = {43FC7B68-138B-4460-BAB0-7D8C9A83DF5D}
	EndGlobalSection
EndGlobal
