
Microsoft Visual Studio Solution File, Format Version 12.00
# Visual Studio 15
VisualStudioVersion = 15.0.27703.2042
MinimumVisualStudioVersion = 10.0.40219.1
Project("{FAE04EC0-301F-11D3-BF4B-00C04F79EFBC}") = "ScientistApp.Android", "ScientistApp\ScientistApp.Android\ScientistApp.Android.csproj", "{9A3EDBBE-D812-4FB6-B143-DE30804EDEEA}"
EndProject
Project("{FAE04EC0-301F-11D3-BF4B-00C04F79EFBC}") = "ScientistApp.iOS", "ScientistApp\ScientistApp.iOS\ScientistApp.iOS.csproj", "{E0B8219D-E0F2-478A-82ED-ABC6B6F3BEAB}"
EndProject
Project("{9A19103F-16F7-4668-BE54-9A1E7A4F7556}") = "ScientistApp", "ScientistApp\ScientistApp\ScientistApp.csproj", "{07E5FC19-4E77-4B83-BC7B-516683A89922}"
EndProject
Global
	GlobalSection(SolutionConfigurationPlatforms) = preSolution
		Ad-Hoc|Any CPU = Ad-Hoc|Any CPU
		Ad-Hoc|ARM = Ad-Hoc|ARM
		Ad-Hoc|iPhone = Ad-Hoc|iPhone
		Ad-Hoc|iPhoneSimulator = Ad-Hoc|iPhoneSimulator
		Ad-Hoc|x64 = Ad-Hoc|x64
		Ad-Hoc|x86 = Ad-Hoc|x86
		AppStore|Any CPU = AppStore|Any CPU
		AppStore|ARM = AppStore|ARM
		AppStore|iPhone = AppStore|iPhone
		AppStore|iPhoneSimulator = AppStore|iPhoneSimulator
		AppStore|x64 = AppStore|x64
		AppStore|x86 = AppStore|x86
		Debug|Any CPU = Debug|Any CPU
		Debug|ARM = Debug|ARM
		Debug|iPhone = Debug|iPhone
		Debug|iPhoneSimulator = Debug|iPhoneSimulator
		Debug|x64 = Debug|x64
		Debug|x86 = Debug|x86
		Release|Any CPU = Release|Any CPU
		Release|ARM = Release|ARM
		Release|iPhone = Release|iPhone
		Release|iPhoneSimulator = Release|iPhoneSimulator
		Release|x64 = Release|x64
		Release|x86 = Release|x86
	EndGlobalSection
	GlobalSection(ProjectConfigurationPlatforms) = postSolution
		{9A3EDBBE-D812-4FB6-B143-DE30804EDEEA}.Ad-Hoc|Any CPU.ActiveCfg = Release|Any CPU
		{9A3EDBBE-D812-4FB6-B143-DE30804EDEEA}.Ad-Hoc|Any CPU.Build.0 = Release|Any CPU
		{9A3EDBBE-D812-4FB6-B143-DE30804EDEEA}.Ad-Hoc|Any CPU.Deploy.0 = Release|Any CPU
		{9A3EDBBE-D812-4FB6-B143-DE30804EDEEA}.Ad-Hoc|ARM.ActiveCfg = Release|Any CPU
		{9A3EDBBE-D812-4FB6-B143-DE30804EDEEA}.Ad-Hoc|ARM.Build.0 = Release|Any CPU
		{9A3EDBBE-D812-4FB6-B143-DE30804EDEEA}.Ad-Hoc|ARM.Deploy.0 = Release|Any CPU
		{9A3EDBBE-D812-4FB6-B143-DE30804EDEEA}.Ad-Hoc|iPhone.ActiveCfg = Release|Any CPU
		{9A3EDBBE-D812-4FB6-B143-DE30804EDEEA}.Ad-Hoc|iPhone.Build.0 = Release|Any CPU
		{9A3EDBBE-D812-4FB6-B143-DE30804EDEEA}.Ad-Hoc|iPhone.Deploy.0 = Release|Any CPU
		{9A3EDBBE-D812-4FB6-B143-DE30804EDEEA}.Ad-Hoc|iPhoneSimulator.ActiveCfg = Release|Any CPU
		{9A3EDBBE-D812-4FB6-B143-DE30804EDEEA}.Ad-Hoc|iPhoneSimulator.Build.0 = Release|Any CPU
		{9A3EDBBE-D812-4FB6-B143-DE30804EDEEA}.Ad-Hoc|iPhoneSimulator.Deploy.0 = Release|Any CPU
		{9A3EDBBE-D812-4FB6-B143-DE30804EDEEA}.Ad-Hoc|x64.ActiveCfg = Release|Any CPU
		{9A3EDBBE-D812-4FB6-B143-DE30804EDEEA}.Ad-Hoc|x64.Build.0 = Release|Any CPU
		{9A3EDBBE-D812-4FB6-B143-DE30804EDEEA}.Ad-Hoc|x64.Deploy.0 = Release|Any CPU
		{9A3EDBBE-D812-4FB6-B143-DE30804EDEEA}.Ad-Hoc|x86.ActiveCfg = Release|Any CPU
		{9A3EDBBE-D812-4FB6-B143-DE30804EDEEA}.Ad-Hoc|x86.Build.0 = Release|Any CPU
		{9A3EDBBE-D812-4FB6-B143-DE30804EDEEA}.Ad-Hoc|x86.Deploy.0 = Release|Any CPU
		{9A3EDBBE-D812-4FB6-B143-DE30804EDEEA}.AppStore|Any CPU.ActiveCfg = Release|Any CPU
		{9A3EDBBE-D812-4FB6-B143-DE30804EDEEA}.AppStore|Any CPU.Build.0 = Release|Any CPU
		{9A3EDBBE-D812-4FB6-B143-DE30804EDEEA}.AppStore|Any CPU.Deploy.0 = Release|Any CPU
		{9A3EDBBE-D812-4FB6-B143-DE30804EDEEA}.AppStore|ARM.ActiveCfg = Release|Any CPU
		{9A3EDBBE-D812-4FB6-B143-DE30804EDEEA}.AppStore|ARM.Build.0 = Release|Any CPU
		{9A3EDBBE-D812-4FB6-B143-DE30804EDEEA}.AppStore|ARM.Deploy.0 = Release|Any CPU
		{9A3EDBBE-D812-4FB6-B143-DE30804EDEEA}.AppStore|iPhone.ActiveCfg = Release|Any CPU
		{9A3EDBBE-D812-4FB6-B143-DE30804EDEEA}.AppStore|iPhone.Build.0 = Release|Any CPU
		{9A3EDBBE-D812-4FB6-B143-DE30804EDEEA}.AppStore|iPhone.Deploy.0 = Release|Any CPU
		{9A3EDBBE-D812-4FB6-B143-DE30804EDEEA}.AppStore|iPhoneSimulator.ActiveCfg = Release|Any CPU
		{9A3EDBBE-D812-4FB6-B143-DE30804EDEEA}.AppStore|iPhoneSimulator.Build.0 = Release|Any CPU
		{9A3EDBBE-D812-4FB6-B143-DE30804EDEEA}.AppStore|iPhoneSimulator.Deploy.0 = Release|Any CPU
		{9A3EDBBE-D812-4FB6-B143-DE30804EDEEA}.AppStore|x64.ActiveCfg = Release|Any CPU
		{9A3EDBBE-D812-4FB6-B143-DE30804EDEEA}.AppStore|x64.Build.0 = Release|Any CPU
		{9A3EDBBE-D812-4FB6-B143-DE30804EDEEA}.AppStore|x64.Deploy.0 = Release|Any CPU
		{9A3EDBBE-D812-4FB6-B143-DE30804EDEEA}.AppStore|x86.ActiveCfg = Release|Any CPU
		{9A3EDBBE-D812-4FB6-B143-DE30804EDEEA}.AppStore|x86.Build.0 = Release|Any CPU
		{9A3EDBBE-D812-4FB6-B143-DE30804EDEEA}.AppStore|x86.Deploy.0 = Release|Any CPU
		{9A3EDBBE-D812-4FB6-B143-DE30804EDEEA}.Debug|Any CPU.ActiveCfg = Debug|Any CPU
		{9A3EDBBE-D812-4FB6-B143-DE30804EDEEA}.Debug|Any CPU.Build.0 = Debug|Any CPU
		{9A3EDBBE-D812-4FB6-B143-DE30804EDEEA}.Debug|Any CPU.Deploy.0 = Debug|Any CPU
		{9A3EDBBE-D812-4FB6-B143-DE30804EDEEA}.Debug|ARM.ActiveCfg = Debug|Any CPU
		{9A3EDBBE-D812-4FB6-B143-DE30804EDEEA}.Debug|ARM.Build.0 = Debug|Any CPU
		{9A3EDBBE-D812-4FB6-B143-DE30804EDEEA}.Debug|ARM.Deploy.0 = Debug|Any CPU
		{9A3EDBBE-D812-4FB6-B143-DE30804EDEEA}.Debug|iPhone.ActiveCfg = Debug|Any CPU
		{9A3EDBBE-D812-4FB6-B143-DE30804EDEEA}.Debug|iPhone.Build.0 = Debug|Any CPU
		{9A3EDBBE-D812-4FB6-B143-DE30804EDEEA}.Debug|iPhone.Deploy.0 = Debug|Any CPU
		{9A3EDBBE-D812-4FB6-B143-DE30804EDEEA}.Debug|iPhoneSimulator.ActiveCfg = Debug|Any CPU
		{9A3EDBBE-D812-4FB6-B143-DE30804EDEEA}.Debug|iPhoneSimulator.Build.0 = Debug|Any CPU
		{9A3EDBBE-D812-4FB6-B143-DE30804EDEEA}.Debug|iPhoneSimulator.Deploy.0 = Debug|Any CPU
		{9A3EDBBE-D812-4FB6-B143-DE30804EDEEA}.Debug|x64.ActiveCfg = Debug|Any CPU
		{9A3EDBBE-D812-4FB6-B143-DE30804EDEEA}.Debug|x64.Build.0 = Debug|Any CPU
		{9A3EDBBE-D812-4FB6-B143-DE30804EDEEA}.Debug|x64.Deploy.0 = Debug|Any CPU
		{9A3EDBBE-D812-4FB6-B143-DE30804EDEEA}.Debug|x86.ActiveCfg = Debug|Any CPU
		{9A3EDBBE-D812-4FB6-B143-DE30804EDEEA}.Debug|x86.Build.0 = Debug|Any CPU
		{9A3EDBBE-D812-4FB6-B143-DE30804EDEEA}.Debug|x86.Deploy.0 = Debug|Any CPU
		{9A3EDBBE-D812-4FB6-B143-DE30804EDEEA}.Release|Any CPU.ActiveCfg = Release|Any CPU
		{9A3EDBBE-D812-4FB6-B143-DE30804EDEEA}.Release|Any CPU.Build.0 = Release|Any CPU
		{9A3EDBBE-D812-4FB6-B143-DE30804EDEEA}.Release|Any CPU.Deploy.0 = Release|Any CPU
		{9A3EDBBE-D812-4FB6-B143-DE30804EDEEA}.Release|ARM.ActiveCfg = Release|Any CPU
		{9A3EDBBE-D812-4FB6-B143-DE30804EDEEA}.Release|ARM.Build.0 = Release|Any CPU
		{9A3EDBBE-D812-4FB6-B143-DE30804EDEEA}.Release|ARM.Deploy.0 = Release|Any CPU
		{9A3EDBBE-D812-4FB6-B143-DE30804EDEEA}.Release|iPhone.ActiveCfg = Release|Any CPU
		{9A3EDBBE-D812-4FB6-B143-DE30804EDEEA}.Release|iPhone.Build.0 = Release|Any CPU
		{9A3EDBBE-D812-4FB6-B143-DE30804EDEEA}.Release|iPhone.Deploy.0 = Release|Any CPU
		{9A3EDBBE-D812-4FB6-B143-DE30804EDEEA}.Release|iPhoneSimulator.ActiveCfg = Release|Any CPU
		{9A3EDBBE-D812-4FB6-B143-DE30804EDEEA}.Release|iPhoneSimulator.Build.0 = Release|Any CPU
		{9A3EDBBE-D812-4FB6-B143-DE30804EDEEA}.Release|iPhoneSimulator.Deploy.0 = Release|Any CPU
		{9A3EDBBE-D812-4FB6-B143-DE30804EDEEA}.Release|x64.ActiveCfg = Release|Any CPU
		{9A3EDBBE-D812-4FB6-B143-DE30804EDEEA}.Release|x64.Build.0 = Release|Any CPU
		{9A3EDBBE-D812-4FB6-B143-DE30804EDEEA}.Release|x64.Deploy.0 = Release|Any CPU
		{9A3EDBBE-D812-4FB6-B143-DE30804EDEEA}.Release|x86.ActiveCfg = Release|Any CPU
		{9A3EDBBE-D812-4FB6-B143-DE30804EDEEA}.Release|x86.Build.0 = Release|Any CPU
		{9A3EDBBE-D812-4FB6-B143-DE30804EDEEA}.Release|x86.Deploy.0 = Release|Any CPU
		{E0B8219D-E0F2-478A-82ED-ABC6B6F3BEAB}.Ad-Hoc|Any CPU.ActiveCfg = Ad-Hoc|iPhone
		{E0B8219D-E0F2-478A-82ED-ABC6B6F3BEAB}.Ad-Hoc|Any CPU.Build.0 = Ad-Hoc|iPhone
		{E0B8219D-E0F2-478A-82ED-ABC6B6F3BEAB}.Ad-Hoc|Any CPU.Deploy.0 = Ad-Hoc|iPhone
		{E0B8219D-E0F2-478A-82ED-ABC6B6F3BEAB}.Ad-Hoc|ARM.ActiveCfg = Ad-Hoc|iPhone
		{E0B8219D-E0F2-478A-82ED-ABC6B6F3BEAB}.Ad-Hoc|ARM.Build.0 = Ad-Hoc|iPhone
		{E0B8219D-E0F2-478A-82ED-ABC6B6F3BEAB}.Ad-Hoc|ARM.Deploy.0 = Ad-Hoc|iPhone
		{E0B8219D-E0F2-478A-82ED-ABC6B6F3BEAB}.Ad-Hoc|iPhone.ActiveCfg = Ad-Hoc|iPhone
		{E0B8219D-E0F2-478A-82ED-ABC6B6F3BEAB}.Ad-Hoc|iPhone.Build.0 = Ad-Hoc|iPhone
		{E0B8219D-E0F2-478A-82ED-ABC6B6F3BEAB}.Ad-Hoc|iPhone.Deploy.0 = Ad-Hoc|iPhone
		{E0B8219D-E0F2-478A-82ED-ABC6B6F3BEAB}.Ad-Hoc|iPhoneSimulator.ActiveCfg = Ad-Hoc|iPhoneSimulator
		{E0B8219D-E0F2-478A-82ED-ABC6B6F3BEAB}.Ad-Hoc|iPhoneSimulator.Build.0 = Ad-Hoc|iPhoneSimulator
		{E0B8219D-E0F2-478A-82ED-ABC6B6F3BEAB}.Ad-Hoc|iPhoneSimulator.Deploy.0 = Ad-Hoc|iPhoneSimulator
		{E0B8219D-E0F2-478A-82ED-ABC6B6F3BEAB}.Ad-Hoc|x64.ActiveCfg = Ad-Hoc|iPhone
		{E0B8219D-E0F2-478A-82ED-ABC6B6F3BEAB}.Ad-Hoc|x64.Build.0 = Ad-Hoc|iPhone
		{E0B8219D-E0F2-478A-82ED-ABC6B6F3BEAB}.Ad-Hoc|x64.Deploy.0 = Ad-Hoc|iPhone
		{E0B8219D-E0F2-478A-82ED-ABC6B6F3BEAB}.Ad-Hoc|x86.ActiveCfg = Ad-Hoc|iPhone
		{E0B8219D-E0F2-478A-82ED-ABC6B6F3BEAB}.Ad-Hoc|x86.Build.0 = Ad-Hoc|iPhone
		{E0B8219D-E0F2-478A-82ED-ABC6B6F3BEAB}.Ad-Hoc|x86.Deploy.0 = Ad-Hoc|iPhone
		{E0B8219D-E0F2-478A-82ED-ABC6B6F3BEAB}.AppStore|Any CPU.ActiveCfg = AppStore|iPhone
		{E0B8219D-E0F2-478A-82ED-ABC6B6F3BEAB}.AppStore|Any CPU.Build.0 = AppStore|iPhone
		{E0B8219D-E0F2-478A-82ED-ABC6B6F3BEAB}.AppStore|Any CPU.Deploy.0 = AppStore|iPhone
		{E0B8219D-E0F2-478A-82ED-ABC6B6F3BEAB}.AppStore|ARM.ActiveCfg = AppStore|iPhone
		{E0B8219D-E0F2-478A-82ED-ABC6B6F3BEAB}.AppStore|ARM.Build.0 = AppStore|iPhone
		{E0B8219D-E0F2-478A-82ED-ABC6B6F3BEAB}.AppStore|ARM.Deploy.0 = AppStore|iPhone
		{E0B8219D-E0F2-478A-82ED-ABC6B6F3BEAB}.AppStore|iPhone.ActiveCfg = AppStore|iPhone
		{E0B8219D-E0F2-478A-82ED-ABC6B6F3BEAB}.AppStore|iPhone.Build.0 = AppStore|iPhone
		{E0B8219D-E0F2-478A-82ED-ABC6B6F3BEAB}.AppStore|iPhone.Deploy.0 = AppStore|iPhone
		{E0B8219D-E0F2-478A-82ED-ABC6B6F3BEAB}.AppStore|iPhoneSimulator.ActiveCfg = AppStore|iPhoneSimulator
		{E0B8219D-E0F2-478A-82ED-ABC6B6F3BEAB}.AppStore|iPhoneSimulator.Build.0 = AppStore|iPhoneSimulator
		{E0B8219D-E0F2-478A-82ED-ABC6B6F3BEAB}.AppStore|iPhoneSimulator.Deploy.0 = AppStore|iPhoneSimulator
		{E0B8219D-E0F2-478A-82ED-ABC6B6F3BEAB}.AppStore|x64.ActiveCfg = AppStore|iPhone
		{E0B8219D-E0F2-478A-82ED-ABC6B6F3BEAB}.AppStore|x64.Build.0 = AppStore|iPhone
		{E0B8219D-E0F2-478A-82ED-ABC6B6F3BEAB}.AppStore|x64.Deploy.0 = AppStore|iPhone
		{E0B8219D-E0F2-478A-82ED-ABC6B6F3BEAB}.AppStore|x86.ActiveCfg = AppStore|iPhone
		{E0B8219D-E0F2-478A-82ED-ABC6B6F3BEAB}.AppStore|x86.Build.0 = AppStore|iPhone
		{E0B8219D-E0F2-478A-82ED-ABC6B6F3BEAB}.AppStore|x86.Deploy.0 = AppStore|iPhone
		{E0B8219D-E0F2-478A-82ED-ABC6B6F3BEAB}.Debug|Any CPU.ActiveCfg = Debug|iPhoneSimulator
		{E0B8219D-E0F2-478A-82ED-ABC6B6F3BEAB}.Debug|Any CPU.Build.0 = Debug|iPhoneSimulator
		{E0B8219D-E0F2-478A-82ED-ABC6B6F3BEAB}.Debug|Any CPU.Deploy.0 = Debug|iPhoneSimulator
		{E0B8219D-E0F2-478A-82ED-ABC6B6F3BEAB}.Debug|ARM.ActiveCfg = Debug|iPhone
		{E0B8219D-E0F2-478A-82ED-ABC6B6F3BEAB}.Debug|ARM.Build.0 = Debug|iPhone
		{E0B8219D-E0F2-478A-82ED-ABC6B6F3BEAB}.Debug|ARM.Deploy.0 = Debug|iPhone
		{E0B8219D-E0F2-478A-82ED-ABC6B6F3BEAB}.Debug|iPhone.ActiveCfg = Debug|iPhone
		{E0B8219D-E0F2-478A-82ED-ABC6B6F3BEAB}.Debug|iPhone.Build.0 = Debug|iPhone
		{E0B8219D-E0F2-478A-82ED-ABC6B6F3BEAB}.Debug|iPhone.Deploy.0 = Debug|iPhone
		{E0B8219D-E0F2-478A-82ED-ABC6B6F3BEAB}.Debug|iPhoneSimulator.ActiveCfg = Debug|iPhoneSimulator
		{E0B8219D-E0F2-478A-82ED-ABC6B6F3BEAB}.Debug|iPhoneSimulator.Build.0 = Debug|iPhoneSimulator
		{E0B8219D-E0F2-478A-82ED-ABC6B6F3BEAB}.Debug|iPhoneSimulator.Deploy.0 = Debug|iPhoneSimulator
		{E0B8219D-E0F2-478A-82ED-ABC6B6F3BEAB}.Debug|x64.ActiveCfg = Debug|iPhone
		{E0B8219D-E0F2-478A-82ED-ABC6B6F3BEAB}.Debug|x64.Build.0 = Debug|iPhone
		{E0B8219D-E0F2-478A-82ED-ABC6B6F3BEAB}.Debug|x64.Deploy.0 = Debug|iPhone
		{E0B8219D-E0F2-478A-82ED-ABC6B6F3BEAB}.Debug|x86.ActiveCfg = Debug|iPhone
		{E0B8219D-E0F2-478A-82ED-ABC6B6F3BEAB}.Debug|x86.Build.0 = Debug|iPhone
		{E0B8219D-E0F2-478A-82ED-ABC6B6F3BEAB}.Debug|x86.Deploy.0 = Debug|iPhone
		{E0B8219D-E0F2-478A-82ED-ABC6B6F3BEAB}.Release|Any CPU.ActiveCfg = Release|iPhone
		{E0B8219D-E0F2-478A-82ED-ABC6B6F3BEAB}.Release|Any CPU.Build.0 = Release|iPhone
		{E0B8219D-E0F2-478A-82ED-ABC6B6F3BEAB}.Release|Any CPU.Deploy.0 = Release|iPhone
		{E0B8219D-E0F2-478A-82ED-ABC6B6F3BEAB}.Release|ARM.ActiveCfg = Release|iPhone
		{E0B8219D-E0F2-478A-82ED-ABC6B6F3BEAB}.Release|ARM.Build.0 = Release|iPhone
		{E0B8219D-E0F2-478A-82ED-ABC6B6F3BEAB}.Release|ARM.Deploy.0 = Release|iPhone
		{E0B8219D-E0F2-478A-82ED-ABC6B6F3BEAB}.Release|iPhone.ActiveCfg = Release|iPhone
		{E0B8219D-E0F2-478A-82ED-ABC6B6F3BEAB}.Release|iPhone.Build.0 = Release|iPhone
		{E0B8219D-E0F2-478A-82ED-ABC6B6F3BEAB}.Release|iPhone.Deploy.0 = Release|iPhone
		{E0B8219D-E0F2-478A-82ED-ABC6B6F3BEAB}.Release|iPhoneSimulator.ActiveCfg = Release|iPhoneSimulator
		{E0B8219D-E0F2-478A-82ED-ABC6B6F3BEAB}.Release|iPhoneSimulator.Build.0 = Release|iPhoneSimulator
		{E0B8219D-E0F2-478A-82ED-ABC6B6F3BEAB}.Release|iPhoneSimulator.Deploy.0 = Release|iPhoneSimulator
		{E0B8219D-E0F2-478A-82ED-ABC6B6F3BEAB}.Release|x64.ActiveCfg = Release|iPhone
		{E0B8219D-E0F2-478A-82ED-ABC6B6F3BEAB}.Release|x64.Build.0 = Release|iPhone
		{E0B8219D-E0F2-478A-82ED-ABC6B6F3BEAB}.Release|x64.Deploy.0 = Release|iPhone
		{E0B8219D-E0F2-478A-82ED-ABC6B6F3BEAB}.Release|x86.ActiveCfg = Release|iPhone
		{E0B8219D-E0F2-478A-82ED-ABC6B6F3BEAB}.Release|x86.Build.0 = Release|iPhone
		{E0B8219D-E0F2-478A-82ED-ABC6B6F3BEAB}.Release|x86.Deploy.0 = Release|iPhone
		{07E5FC19-4E77-4B83-BC7B-516683A89922}.Ad-Hoc|Any CPU.ActiveCfg = Debug|Any CPU
		{07E5FC19-4E77-4B83-BC7B-516683A89922}.Ad-Hoc|Any CPU.Build.0 = Debug|Any CPU
		{07E5FC19-4E77-4B83-BC7B-516683A89922}.Ad-Hoc|Any CPU.Deploy.0 = Debug|Any CPU
		{07E5FC19-4E77-4B83-BC7B-516683A89922}.Ad-Hoc|ARM.ActiveCfg = Debug|Any CPU
		{07E5FC19-4E77-4B83-BC7B-516683A89922}.Ad-Hoc|ARM.Build.0 = Debug|Any CPU
		{07E5FC19-4E77-4B83-BC7B-516683A89922}.Ad-Hoc|ARM.Deploy.0 = Debug|Any CPU
		{07E5FC19-4E77-4B83-BC7B-516683A89922}.Ad-Hoc|iPhone.ActiveCfg = Debug|Any CPU
		{07E5FC19-4E77-4B83-BC7B-516683A89922}.Ad-Hoc|iPhone.Build.0 = Debug|Any CPU
		{07E5FC19-4E77-4B83-BC7B-516683A89922}.Ad-Hoc|iPhone.Deploy.0 = Debug|Any CPU
		{07E5FC19-4E77-4B83-BC7B-516683A89922}.Ad-Hoc|iPhoneSimulator.ActiveCfg = Debug|Any CPU
		{07E5FC19-4E77-4B83-BC7B-516683A89922}.Ad-Hoc|iPhoneSimulator.Build.0 = Debug|Any CPU
		{07E5FC19-4E77-4B83-BC7B-516683A89922}.Ad-Hoc|iPhoneSimulator.Deploy.0 = Debug|Any CPU
		{07E5FC19-4E77-4B83-BC7B-516683A89922}.Ad-Hoc|x64.ActiveCfg = Debug|Any CPU
		{07E5FC19-4E77-4B83-BC7B-516683A89922}.Ad-Hoc|x64.Build.0 = Debug|Any CPU
		{07E5FC19-4E77-4B83-BC7B-516683A89922}.Ad-Hoc|x64.Deploy.0 = Debug|Any CPU
		{07E5FC19-4E77-4B83-BC7B-516683A89922}.Ad-Hoc|x86.ActiveCfg = Debug|Any CPU
		{07E5FC19-4E77-4B83-BC7B-516683A89922}.Ad-Hoc|x86.Build.0 = Debug|Any CPU
		{07E5FC19-4E77-4B83-BC7B-516683A89922}.Ad-Hoc|x86.Deploy.0 = Debug|Any CPU
		{07E5FC19-4E77-4B83-BC7B-516683A89922}.AppStore|Any CPU.ActiveCfg = Debug|Any CPU
		{07E5FC19-4E77-4B83-BC7B-516683A89922}.AppStore|Any CPU.Build.0 = Debug|Any CPU
		{07E5FC19-4E77-4B83-BC7B-516683A89922}.AppStore|Any CPU.Deploy.0 = Debug|Any CPU
		{07E5FC19-4E77-4B83-BC7B-516683A89922}.AppStore|ARM.ActiveCfg = Debug|Any CPU
		{07E5FC19-4E77-4B83-BC7B-516683A89922}.AppStore|ARM.Build.0 = Debug|Any CPU
		{07E5FC19-4E77-4B83-BC7B-516683A89922}.AppStore|ARM.Deploy.0 = Debug|Any CPU
		{07E5FC19-4E77-4B83-BC7B-516683A89922}.AppStore|iPhone.ActiveCfg = Debug|Any CPU
		{07E5FC19-4E77-4B83-BC7B-516683A89922}.AppStore|iPhone.Build.0 = Debug|Any CPU
		{07E5FC19-4E77-4B83-BC7B-516683A89922}.AppStore|iPhone.Deploy.0 = Debug|Any CPU
		{07E5FC19-4E77-4B83-BC7B-516683A89922}.AppStore|iPhoneSimulator.ActiveCfg = Debug|Any CPU
		{07E5FC19-4E77-4B83-BC7B-516683A89922}.AppStore|iPhoneSimulator.Build.0 = Debug|Any CPU
		{07E5FC19-4E77-4B83-BC7B-516683A89922}.AppStore|iPhoneSimulator.Deploy.0 = Debug|Any CPU
		{07E5FC19-4E77-4B83-BC7B-516683A89922}.AppStore|x64.ActiveCfg = Debug|Any CPU
		{07E5FC19-4E77-4B83-BC7B-516683A89922}.AppStore|x64.Build.0 = Debug|Any CPU
		{07E5FC19-4E77-4B83-BC7B-516683A89922}.AppStore|x64.Deploy.0 = Debug|Any CPU
		{07E5FC19-4E77-4B83-BC7B-516683A89922}.AppStore|x86.ActiveCfg = Debug|Any CPU
		{07E5FC19-4E77-4B83-BC7B-516683A89922}.AppStore|x86.Build.0 = Debug|Any CPU
		{07E5FC19-4E77-4B83-BC7B-516683A89922}.AppStore|x86.Deploy.0 = Debug|Any CPU
		{07E5FC19-4E77-4B83-BC7B-516683A89922}.Debug|Any CPU.ActiveCfg = Debug|Any CPU
		{07E5FC19-4E77-4B83-BC7B-516683A89922}.Debug|Any CPU.Build.0 = Debug|Any CPU
		{07E5FC19-4E77-4B83-BC7B-516683A89922}.Debug|Any CPU.Deploy.0 = Debug|Any CPU
		{07E5FC19-4E77-4B83-BC7B-516683A89922}.Debug|ARM.ActiveCfg = Debug|Any CPU
		{07E5FC19-4E77-4B83-BC7B-516683A89922}.Debug|ARM.Build.0 = Debug|Any CPU
		{07E5FC19-4E77-4B83-BC7B-516683A89922}.Debug|ARM.Deploy.0 = Debug|Any CPU
		{07E5FC19-4E77-4B83-BC7B-516683A89922}.Debug|iPhone.ActiveCfg = Debug|Any CPU
		{07E5FC19-4E77-4B83-BC7B-516683A89922}.Debug|iPhone.Build.0 = Debug|Any CPU
		{07E5FC19-4E77-4B83-BC7B-516683A89922}.Debug|iPhone.Deploy.0 = Debug|Any CPU
		{07E5FC19-4E77-4B83-BC7B-516683A89922}.Debug|iPhoneSimulator.ActiveCfg = Debug|Any CPU
		{07E5FC19-4E77-4B83-BC7B-516683A89922}.Debug|iPhoneSimulator.Build.0 = Debug|Any CPU
		{07E5FC19-4E77-4B83-BC7B-516683A89922}.Debug|iPhoneSimulator.Deploy.0 = Debug|Any CPU
		{07E5FC19-4E77-4B83-BC7B-516683A89922}.Debug|x64.ActiveCfg = Debug|Any CPU
		{07E5FC19-4E77-4B83-BC7B-516683A89922}.Debug|x64.Build.0 = Debug|Any CPU
		{07E5FC19-4E77-4B83-BC7B-516683A89922}.Debug|x64.Deploy.0 = Debug|Any CPU
		{07E5FC19-4E77-4B83-BC7B-516683A89922}.Debug|x86.ActiveCfg = Debug|Any CPU
		{07E5FC19-4E77-4B83-BC7B-516683A89922}.Debug|x86.Build.0 = Debug|Any CPU
		{07E5FC19-4E77-4B83-BC7B-516683A89922}.Debug|x86.Deploy.0 = Debug|Any CPU
		{07E5FC19-4E77-4B83-BC7B-516683A89922}.Release|Any CPU.ActiveCfg = Release|Any CPU
		{07E5FC19-4E77-4B83-BC7B-516683A89922}.Release|Any CPU.Build.0 = Release|Any CPU
		{07E5FC19-4E77-4B83-BC7B-516683A89922}.Release|Any CPU.Deploy.0 = Release|Any CPU
		{07E5FC19-4E77-4B83-BC7B-516683A89922}.Release|ARM.ActiveCfg = Release|Any CPU
		{07E5FC19-4E77-4B83-BC7B-516683A89922}.Release|ARM.Build.0 = Release|Any CPU
		{07E5FC19-4E77-4B83-BC7B-516683A89922}.Release|ARM.Deploy.0 = Release|Any CPU
		{07E5FC19-4E77-4B83-BC7B-516683A89922}.Release|iPhone.ActiveCfg = Release|Any CPU
		{07E5FC19-4E77-4B83-BC7B-516683A89922}.Release|iPhone.Build.0 = Release|Any CPU
		{07E5FC19-4E77-4B83-BC7B-516683A89922}.Release|iPhone.Deploy.0 = Release|Any CPU
		{07E5FC19-4E77-4B83-BC7B-516683A89922}.Release|iPhoneSimulator.ActiveCfg = Release|Any CPU
		{07E5FC19-4E77-4B83-BC7B-516683A89922}.Release|iPhoneSimulator.Build.0 = Release|Any CPU
		{07E5FC19-4E77-4B83-BC7B-516683A89922}.Release|iPhoneSimulator.Deploy.0 = Release|Any CPU
		{07E5FC19-4E77-4B83-BC7B-516683A89922}.Release|x64.ActiveCfg = Release|Any CPU
		{07E5FC19-4E77-4B83-BC7B-516683A89922}.Release|x64.Build.0 = Release|Any CPU
		{07E5FC19-4E77-4B83-BC7B-516683A89922}.Release|x64.Deploy.0 = Release|Any CPU
		{07E5FC19-4E77-4B83-BC7B-516683A89922}.Release|x86.ActiveCfg = Release|Any CPU
		{07E5FC19-4E77-4B83-BC7B-516683A89922}.Release|x86.Build.0 = Release|Any CPU
		{07E5FC19-4E77-4B83-BC7B-516683A89922}.Release|x86.Deploy.0 = Release|Any CPU
	EndGlobalSection
	GlobalSection(SolutionProperties) = preSolution
		HideSolutionNode = FALSE
	EndGlobalSection
	GlobalSection(ExtensibilityGlobals) = postSolution
		SolutionGuid = {2C7B281A-80BB-4D19-B0EC-40B44E7D4358}
	EndGlobalSection
EndGlobal
